
Microsoft Visual Studio Solution File, Format Version 12.00
# Visual Studio 15
VisualStudioVersion = 15.0.28307.168
MinimumVisualStudioVersion = 10.0.40219.1
Project("{F184B08F-C81C-45F6-A57F-5ABD9991F28F}") = "dataprovider", "dataprovider\dataprovider.vbproj", "{EC819CF1-1618-4E02-9DE1-C1F12A0ACCAC}"
EndProject
Project("{F184B08F-C81C-45F6-A57F-5ABD9991F28F}") = "configuration", "configuration\configuration.vbproj", "{C428976D-292A-49E8-9226-7D355AD3593C}"
	ProjectSection(ProjectDependencies) = postProject
		{B8B38F56-22B2-48BA-9E9D-13ECDFF1BAB1} = {B8B38F56-22B2-48BA-9E9D-13ECDFF1BAB1}
		{8FE479A4-71CA-445D-B388-5858D2D435B2} = {8FE479A4-71CA-445D-B388-5858D2D435B2}
		{EC819CF1-1618-4E02-9DE1-C1F12A0ACCAC} = {EC819CF1-1618-4E02-9DE1-C1F12A0ACCAC}
	EndProjectSection
EndProject
Project("{2150E333-8FDC-42A3-9474-1A3956D46DE8}") = "tests", "tests", "{80155CF9-F429-4110-9748-EC85E0C8FD0E}"
EndProject
Project("{F184B08F-C81C-45F6-A57F-5ABD9991F28F}") = "dataprovider", "tests\dataprovider\dataprovider.vbproj", "{FCADC447-D5FB-41F3-9DE2-C9D97259A6F7}"
EndProject
Project("{F184B08F-C81C-45F6-A57F-5ABD9991F28F}") = "cache", "cache\cache.vbproj", "{B8B38F56-22B2-48BA-9E9D-13ECDFF1BAB1}"
EndProject
Project("{F184B08F-C81C-45F6-A57F-5ABD9991F28F}") = "cache", "tests\cache\cache.vbproj", "{7B47AF50-8676-4FB7-B06C-F0421DF020EC}"
EndProject
Project("{F184B08F-C81C-45F6-A57F-5ABD9991F28F}") = "configuration", "tests\configuration\configuration.vbproj", "{C3C617E7-C48A-4685-9722-2B7DFBDB133C}"
EndProject
Project("{2150E333-8FDC-42A3-9474-1A3956D46DE8}") = "Solution Items", "Solution Items", "{44C08F42-B113-4483-A0A2-CBE1143F9EAB}"
	ProjectSection(SolutionItems) = preProject
		services.all = services.all
	EndProjectSection
EndProject
Project("{F184B08F-C81C-45F6-A57F-5ABD9991F28F}") = "argument", "argument\argument.vbproj", "{A53A7E47-5B3A-40FB-95B8-375691D14AAD}"
	ProjectSection(ProjectDependencies) = postProject
		{8FE479A4-71CA-445D-B388-5858D2D435B2} = {8FE479A4-71CA-445D-B388-5858D2D435B2}
	EndProjectSection
EndProject
Project("{F184B08F-C81C-45F6-A57F-5ABD9991F28F}") = "convertor", "convertor\convertor.vbproj", "{8FE479A4-71CA-445D-B388-5858D2D435B2}"
EndProject
Project("{F184B08F-C81C-45F6-A57F-5ABD9991F28F}") = "convertor", "tests\convertor\convertor.vbproj", "{BAFFDCCE-9F20-4970-8447-E5CA968EAE87}"
	ProjectSection(ProjectDependencies) = postProject
		{8FE479A4-71CA-445D-B388-5858D2D435B2} = {8FE479A4-71CA-445D-B388-5858D2D435B2}
	EndProjectSection
EndProject
Project("{F184B08F-C81C-45F6-A57F-5ABD9991F28F}") = "argument", "tests\argument\argument.vbproj", "{B6F8C541-722C-4EAE-9FB9-2D28A670940E}"
	ProjectSection(ProjectDependencies) = postProject
		{A53A7E47-5B3A-40FB-95B8-375691D14AAD} = {A53A7E47-5B3A-40FB-95B8-375691D14AAD}
	EndProjectSection
EndProject
Project("{F184B08F-C81C-45F6-A57F-5ABD9991F28F}") = "math", "math\math.vbproj", "{5BF75D65-EF02-42C6-A6D3-7675EB39DF69}"
	ProjectSection(ProjectDependencies) = postProject
		{594A9B5D-917C-4212-9342-319FD78C2721} = {594A9B5D-917C-4212-9342-319FD78C2721}
		{30DF1B7B-C5D8-4562-A15A-3555B73B483C} = {30DF1B7B-C5D8-4562-A15A-3555B73B483C}
	EndProjectSection
EndProject
Project("{F184B08F-C81C-45F6-A57F-5ABD9991F28F}") = "math", "tests\math\math.vbproj", "{6A942CEB-F14F-457E-AF0D-3D7A5443AFE6}"
	ProjectSection(ProjectDependencies) = postProject
		{5BF75D65-EF02-42C6-A6D3-7675EB39DF69} = {5BF75D65-EF02-42C6-A6D3-7675EB39DF69}
	EndProjectSection
EndProject
Project("{F184B08F-C81C-45F6-A57F-5ABD9991F28F}") = "automata", "automata\automata.vbproj", "{594A9B5D-917C-4212-9342-319FD78C2721}"
	ProjectSection(ProjectDependencies) = postProject
		{C428976D-292A-49E8-9226-7D355AD3593C} = {C428976D-292A-49E8-9226-7D355AD3593C}
	EndProjectSection
EndProject
Project("{F184B08F-C81C-45F6-A57F-5ABD9991F28F}") = "automata", "tests\automata\automata.vbproj", "{6847F777-1798-438B-A6D0-F3D5C6281CF1}"
	ProjectSection(ProjectDependencies) = postProject
		{594A9B5D-917C-4212-9342-319FD78C2721} = {594A9B5D-917C-4212-9342-319FD78C2721}
	EndProjectSection
EndProject
Project("{F184B08F-C81C-45F6-A57F-5ABD9991F28F}") = "resource", "resource\resource.vbproj", "{30DF1B7B-C5D8-4562-A15A-3555B73B483C}"
EndProject
Project("{F184B08F-C81C-45F6-A57F-5ABD9991F28F}") = "ucmath", "tests\ucmath\ucmath.vbproj", "{ED0C15AE-B29B-4DA1-BAFC-9DB9C823D5B0}"
	ProjectSection(ProjectDependencies) = postProject
		{5BF75D65-EF02-42C6-A6D3-7675EB39DF69} = {5BF75D65-EF02-42C6-A6D3-7675EB39DF69}
	EndProjectSection
EndProject
Project("{F184B08F-C81C-45F6-A57F-5ABD9991F28F}") = "interpreter", "interpreter\interpreter.vbproj", "{43A71AF7-394D-4E92-880E-A35347205DEB}"
	ProjectSection(ProjectDependencies) = postProject
		{594A9B5D-917C-4212-9342-319FD78C2721} = {594A9B5D-917C-4212-9342-319FD78C2721}
		{5BF75D65-EF02-42C6-A6D3-7675EB39DF69} = {5BF75D65-EF02-42C6-A6D3-7675EB39DF69}
		{30DF1B7B-C5D8-4562-A15A-3555B73B483C} = {30DF1B7B-C5D8-4562-A15A-3555B73B483C}
	EndProjectSection
EndProject
Project("{F184B08F-C81C-45F6-A57F-5ABD9991F28F}") = "interpreter", "tests\interpreter\interpreter.vbproj", "{D43E4812-6D36-402B-8E02-2CE782165B7F}"
	ProjectSection(ProjectDependencies) = postProject
		{43A71AF7-394D-4E92-880E-A35347205DEB} = {43A71AF7-394D-4E92-880E-A35347205DEB}
	EndProjectSection
EndProject
Project("{F184B08F-C81C-45F6-A57F-5ABD9991F28F}") = "resource", "tests\resource\resource.vbproj", "{9FEE5C38-5DC5-46B7-9860-0B6B001629FB}"
	ProjectSection(ProjectDependencies) = postProject
		{30DF1B7B-C5D8-4562-A15A-3555B73B483C} = {30DF1B7B-C5D8-4562-A15A-3555B73B483C}
	EndProjectSection
EndProject
Project("{F184B08F-C81C-45F6-A57F-5ABD9991F28F}") = "compiler", "compiler\compiler.vbproj", "{565B3F91-E8B1-4922-BE27-05CA7DAD8815}"
	ProjectSection(ProjectDependencies) = postProject
		{594A9B5D-917C-4212-9342-319FD78C2721} = {594A9B5D-917C-4212-9342-319FD78C2721}
		{43A71AF7-394D-4E92-880E-A35347205DEB} = {43A71AF7-394D-4E92-880E-A35347205DEB}
	EndProjectSection
EndProject
Project("{F184B08F-C81C-45F6-A57F-5ABD9991F28F}") = "compiler", "tests\compiler\compiler.vbproj", "{6D6CA6FA-3184-47D3-8574-2AEAC49E3F24}"
	ProjectSection(ProjectDependencies) = postProject
		{565B3F91-E8B1-4922-BE27-05CA7DAD8815} = {565B3F91-E8B1-4922-BE27-05CA7DAD8815}
	EndProjectSection
EndProject
Project("{F184B08F-C81C-45F6-A57F-5ABD9991F28F}") = "constructor", "constructor\constructor.vbproj", "{3CE6B608-EB0B-4E59-A5AD-9CC76C3FD8C5}"
	ProjectSection(ProjectDependencies) = postProject
		{A53A7E47-5B3A-40FB-95B8-375691D14AAD} = {A53A7E47-5B3A-40FB-95B8-375691D14AAD}
	EndProjectSection
EndProject
Project("{F184B08F-C81C-45F6-A57F-5ABD9991F28F}") = "constructor", "tests\constructor\constructor.vbproj", "{D9D1D6F1-915F-4FFC-A75E-46741396496B}"
	ProjectSection(ProjectDependencies) = postProject
		{3CE6B608-EB0B-4E59-A5AD-9CC76C3FD8C5} = {3CE6B608-EB0B-4E59-A5AD-9CC76C3FD8C5}
	EndProjectSection
EndProject
Project("{F184B08F-C81C-45F6-A57F-5ABD9991F28F}") = "resources", "resources\resources.vbproj", "{368317CC-04C9-4566-A76E-CA87D7510700}"
EndProject
Global
	GlobalSection(SolutionConfigurationPlatforms) = preSolution
		Debug|Any CPU = Debug|Any CPU
		Release|Any CPU = Release|Any CPU
	EndGlobalSection
	GlobalSection(ProjectConfigurationPlatforms) = postSolution
		{EC819CF1-1618-4E02-9DE1-C1F12A0ACCAC}.Debug|Any CPU.ActiveCfg = Debug|Any CPU
		{EC819CF1-1618-4E02-9DE1-C1F12A0ACCAC}.Debug|Any CPU.Build.0 = Debug|Any CPU
		{EC819CF1-1618-4E02-9DE1-C1F12A0ACCAC}.Release|Any CPU.ActiveCfg = Release|Any CPU
		{EC819CF1-1618-4E02-9DE1-C1F12A0ACCAC}.Release|Any CPU.Build.0 = Release|Any CPU
		{C428976D-292A-49E8-9226-7D355AD3593C}.Debug|Any CPU.ActiveCfg = Debug|Any CPU
		{C428976D-292A-49E8-9226-7D355AD3593C}.Debug|Any CPU.Build.0 = Debug|Any CPU
		{C428976D-292A-49E8-9226-7D355AD3593C}.Release|Any CPU.ActiveCfg = Release|Any CPU
		{C428976D-292A-49E8-9226-7D355AD3593C}.Release|Any CPU.Build.0 = Release|Any CPU
		{FCADC447-D5FB-41F3-9DE2-C9D97259A6F7}.Debug|Any CPU.ActiveCfg = Debug|Any CPU
		{FCADC447-D5FB-41F3-9DE2-C9D97259A6F7}.Debug|Any CPU.Build.0 = Debug|Any CPU
		{FCADC447-D5FB-41F3-9DE2-C9D97259A6F7}.Release|Any CPU.ActiveCfg = Release|Any CPU
		{FCADC447-D5FB-41F3-9DE2-C9D97259A6F7}.Release|Any CPU.Build.0 = Release|Any CPU
		{B8B38F56-22B2-48BA-9E9D-13ECDFF1BAB1}.Debug|Any CPU.ActiveCfg = Debug|Any CPU
		{B8B38F56-22B2-48BA-9E9D-13ECDFF1BAB1}.Debug|Any CPU.Build.0 = Debug|Any CPU
		{B8B38F56-22B2-48BA-9E9D-13ECDFF1BAB1}.Release|Any CPU.ActiveCfg = Release|Any CPU
		{B8B38F56-22B2-48BA-9E9D-13ECDFF1BAB1}.Release|Any CPU.Build.0 = Release|Any CPU
		{7B47AF50-8676-4FB7-B06C-F0421DF020EC}.Debug|Any CPU.ActiveCfg = Debug|Any CPU
		{7B47AF50-8676-4FB7-B06C-F0421DF020EC}.Debug|Any CPU.Build.0 = Debug|Any CPU
		{7B47AF50-8676-4FB7-B06C-F0421DF020EC}.Release|Any CPU.ActiveCfg = Release|Any CPU
		{7B47AF50-8676-4FB7-B06C-F0421DF020EC}.Release|Any CPU.Build.0 = Release|Any CPU
		{C3C617E7-C48A-4685-9722-2B7DFBDB133C}.Debug|Any CPU.ActiveCfg = Debug|Any CPU
		{C3C617E7-C48A-4685-9722-2B7DFBDB133C}.Debug|Any CPU.Build.0 = Debug|Any CPU
		{C3C617E7-C48A-4685-9722-2B7DFBDB133C}.Release|Any CPU.ActiveCfg = Release|Any CPU
		{C3C617E7-C48A-4685-9722-2B7DFBDB133C}.Release|Any CPU.Build.0 = Release|Any CPU
		{A53A7E47-5B3A-40FB-95B8-375691D14AAD}.Debug|Any CPU.ActiveCfg = Debug|Any CPU
		{A53A7E47-5B3A-40FB-95B8-375691D14AAD}.Debug|Any CPU.Build.0 = Debug|Any CPU
		{A53A7E47-5B3A-40FB-95B8-375691D14AAD}.Release|Any CPU.ActiveCfg = Release|Any CPU
		{A53A7E47-5B3A-40FB-95B8-375691D14AAD}.Release|Any CPU.Build.0 = Release|Any CPU
		{8FE479A4-71CA-445D-B388-5858D2D435B2}.Debug|Any CPU.ActiveCfg = Debug|Any CPU
		{8FE479A4-71CA-445D-B388-5858D2D435B2}.Debug|Any CPU.Build.0 = Debug|Any CPU
		{8FE479A4-71CA-445D-B388-5858D2D435B2}.Release|Any CPU.ActiveCfg = Release|Any CPU
		{8FE479A4-71CA-445D-B388-5858D2D435B2}.Release|Any CPU.Build.0 = Release|Any CPU
		{BAFFDCCE-9F20-4970-8447-E5CA968EAE87}.Debug|Any CPU.ActiveCfg = Debug|Any CPU
		{BAFFDCCE-9F20-4970-8447-E5CA968EAE87}.Debug|Any CPU.Build.0 = Debug|Any CPU
		{BAFFDCCE-9F20-4970-8447-E5CA968EAE87}.Release|Any CPU.ActiveCfg = Release|Any CPU
		{BAFFDCCE-9F20-4970-8447-E5CA968EAE87}.Release|Any CPU.Build.0 = Release|Any CPU
		{B6F8C541-722C-4EAE-9FB9-2D28A670940E}.Debug|Any CPU.ActiveCfg = Debug|Any CPU
		{B6F8C541-722C-4EAE-9FB9-2D28A670940E}.Debug|Any CPU.Build.0 = Debug|Any CPU
		{B6F8C541-722C-4EAE-9FB9-2D28A670940E}.Release|Any CPU.ActiveCfg = Release|Any CPU
		{B6F8C541-722C-4EAE-9FB9-2D28A670940E}.Release|Any CPU.Build.0 = Release|Any CPU
		{5BF75D65-EF02-42C6-A6D3-7675EB39DF69}.Debug|Any CPU.ActiveCfg = Debug|Any CPU
		{5BF75D65-EF02-42C6-A6D3-7675EB39DF69}.Debug|Any CPU.Build.0 = Debug|Any CPU
		{5BF75D65-EF02-42C6-A6D3-7675EB39DF69}.Release|Any CPU.ActiveCfg = Release|Any CPU
		{5BF75D65-EF02-42C6-A6D3-7675EB39DF69}.Release|Any CPU.Build.0 = Release|Any CPU
		{6A942CEB-F14F-457E-AF0D-3D7A5443AFE6}.Debug|Any CPU.ActiveCfg = Debug|Any CPU
		{6A942CEB-F14F-457E-AF0D-3D7A5443AFE6}.Debug|Any CPU.Build.0 = Debug|Any CPU
		{6A942CEB-F14F-457E-AF0D-3D7A5443AFE6}.Release|Any CPU.ActiveCfg = Release|Any CPU
		{6A942CEB-F14F-457E-AF0D-3D7A5443AFE6}.Release|Any CPU.Build.0 = Release|Any CPU
		{594A9B5D-917C-4212-9342-319FD78C2721}.Debug|Any CPU.ActiveCfg = Debug|Any CPU
		{594A9B5D-917C-4212-9342-319FD78C2721}.Debug|Any CPU.Build.0 = Debug|Any CPU
		{594A9B5D-917C-4212-9342-319FD78C2721}.Release|Any CPU.ActiveCfg = Release|Any CPU
		{594A9B5D-917C-4212-9342-319FD78C2721}.Release|Any CPU.Build.0 = Release|Any CPU
		{6847F777-1798-438B-A6D0-F3D5C6281CF1}.Debug|Any CPU.ActiveCfg = Debug|Any CPU
		{6847F777-1798-438B-A6D0-F3D5C6281CF1}.Debug|Any CPU.Build.0 = Debug|Any CPU
		{6847F777-1798-438B-A6D0-F3D5C6281CF1}.Release|Any CPU.ActiveCfg = Release|Any CPU
		{6847F777-1798-438B-A6D0-F3D5C6281CF1}.Release|Any CPU.Build.0 = Release|Any CPU
		{30DF1B7B-C5D8-4562-A15A-3555B73B483C}.Debug|Any CPU.ActiveCfg = Debug|Any CPU
		{30DF1B7B-C5D8-4562-A15A-3555B73B483C}.Debug|Any CPU.Build.0 = Debug|Any CPU
		{30DF1B7B-C5D8-4562-A15A-3555B73B483C}.Release|Any CPU.ActiveCfg = Release|Any CPU
		{30DF1B7B-C5D8-4562-A15A-3555B73B483C}.Release|Any CPU.Build.0 = Release|Any CPU
		{ED0C15AE-B29B-4DA1-BAFC-9DB9C823D5B0}.Debug|Any CPU.ActiveCfg = Debug|Any CPU
		{ED0C15AE-B29B-4DA1-BAFC-9DB9C823D5B0}.Debug|Any CPU.Build.0 = Debug|Any CPU
		{ED0C15AE-B29B-4DA1-BAFC-9DB9C823D5B0}.Release|Any CPU.ActiveCfg = Release|Any CPU
		{ED0C15AE-B29B-4DA1-BAFC-9DB9C823D5B0}.Release|Any CPU.Build.0 = Release|Any CPU
		{43A71AF7-394D-4E92-880E-A35347205DEB}.Debug|Any CPU.ActiveCfg = Debug|Any CPU
		{43A71AF7-394D-4E92-880E-A35347205DEB}.Debug|Any CPU.Build.0 = Debug|Any CPU
		{43A71AF7-394D-4E92-880E-A35347205DEB}.Release|Any CPU.ActiveCfg = Release|Any CPU
		{43A71AF7-394D-4E92-880E-A35347205DEB}.Release|Any CPU.Build.0 = Release|Any CPU
		{D43E4812-6D36-402B-8E02-2CE782165B7F}.Debug|Any CPU.ActiveCfg = Debug|Any CPU
		{D43E4812-6D36-402B-8E02-2CE782165B7F}.Debug|Any CPU.Build.0 = Debug|Any CPU
		{D43E4812-6D36-402B-8E02-2CE782165B7F}.Release|Any CPU.ActiveCfg = Release|Any CPU
		{D43E4812-6D36-402B-8E02-2CE782165B7F}.Release|Any CPU.Build.0 = Release|Any CPU
		{9FEE5C38-5DC5-46B7-9860-0B6B001629FB}.Debug|Any CPU.ActiveCfg = Debug|Any CPU
		{9FEE5C38-5DC5-46B7-9860-0B6B001629FB}.Debug|Any CPU.Build.0 = Debug|Any CPU
		{9FEE5C38-5DC5-46B7-9860-0B6B001629FB}.Release|Any CPU.ActiveCfg = Release|Any CPU
		{9FEE5C38-5DC5-46B7-9860-0B6B001629FB}.Release|Any CPU.Build.0 = Release|Any CPU
		{565B3F91-E8B1-4922-BE27-05CA7DAD8815}.Debug|Any CPU.ActiveCfg = Debug|Any CPU
		{565B3F91-E8B1-4922-BE27-05CA7DAD8815}.Debug|Any CPU.Build.0 = Debug|Any CPU
		{565B3F91-E8B1-4922-BE27-05CA7DAD8815}.Release|Any CPU.ActiveCfg = Release|Any CPU
		{565B3F91-E8B1-4922-BE27-05CA7DAD8815}.Release|Any CPU.Build.0 = Release|Any CPU
		{6D6CA6FA-3184-47D3-8574-2AEAC49E3F24}.Debug|Any CPU.ActiveCfg = Debug|Any CPU
		{6D6CA6FA-3184-47D3-8574-2AEAC49E3F24}.Debug|Any CPU.Build.0 = Debug|Any CPU
		{6D6CA6FA-3184-47D3-8574-2AEAC49E3F24}.Release|Any CPU.ActiveCfg = Release|Any CPU
		{6D6CA6FA-3184-47D3-8574-2AEAC49E3F24}.Release|Any CPU.Build.0 = Release|Any CPU
		{3CE6B608-EB0B-4E59-A5AD-9CC76C3FD8C5}.Debug|Any CPU.ActiveCfg = Debug|Any CPU
		{3CE6B608-EB0B-4E59-A5AD-9CC76C3FD8C5}.Debug|Any CPU.Build.0 = Debug|Any CPU
		{3CE6B608-EB0B-4E59-A5AD-9CC76C3FD8C5}.Release|Any CPU.ActiveCfg = Release|Any CPU
		{3CE6B608-EB0B-4E59-A5AD-9CC76C3FD8C5}.Release|Any CPU.Build.0 = Release|Any CPU
		{D9D1D6F1-915F-4FFC-A75E-46741396496B}.Debug|Any CPU.ActiveCfg = Debug|Any CPU
		{D9D1D6F1-915F-4FFC-A75E-46741396496B}.Debug|Any CPU.Build.0 = Debug|Any CPU
		{D9D1D6F1-915F-4FFC-A75E-46741396496B}.Release|Any CPU.ActiveCfg = Release|Any CPU
		{D9D1D6F1-915F-4FFC-A75E-46741396496B}.Release|Any CPU.Build.0 = Release|Any CPU
		{368317CC-04C9-4566-A76E-CA87D7510700}.Debug|Any CPU.ActiveCfg = Debug|Any CPU
		{368317CC-04C9-4566-A76E-CA87D7510700}.Debug|Any CPU.Build.0 = Debug|Any CPU
		{368317CC-04C9-4566-A76E-CA87D7510700}.Release|Any CPU.ActiveCfg = Release|Any CPU
		{368317CC-04C9-4566-A76E-CA87D7510700}.Release|Any CPU.Build.0 = Release|Any CPU
	EndGlobalSection
	GlobalSection(SolutionProperties) = preSolution
		HideSolutionNode = FALSE
	EndGlobalSection
	GlobalSection(NestedProjects) = preSolution
		{FCADC447-D5FB-41F3-9DE2-C9D97259A6F7} = {80155CF9-F429-4110-9748-EC85E0C8FD0E}
		{7B47AF50-8676-4FB7-B06C-F0421DF020EC} = {80155CF9-F429-4110-9748-EC85E0C8FD0E}
		{C3C617E7-C48A-4685-9722-2B7DFBDB133C} = {80155CF9-F429-4110-9748-EC85E0C8FD0E}
		{BAFFDCCE-9F20-4970-8447-E5CA968EAE87} = {80155CF9-F429-4110-9748-EC85E0C8FD0E}
		{B6F8C541-722C-4EAE-9FB9-2D28A670940E} = {80155CF9-F429-4110-9748-EC85E0C8FD0E}
		{6A942CEB-F14F-457E-AF0D-3D7A5443AFE6} = {80155CF9-F429-4110-9748-EC85E0C8FD0E}
		{6847F777-1798-438B-A6D0-F3D5C6281CF1} = {80155CF9-F429-4110-9748-EC85E0C8FD0E}
		{ED0C15AE-B29B-4DA1-BAFC-9DB9C823D5B0} = {80155CF9-F429-4110-9748-EC85E0C8FD0E}
		{D43E4812-6D36-402B-8E02-2CE782165B7F} = {80155CF9-F429-4110-9748-EC85E0C8FD0E}
		{9FEE5C38-5DC5-46B7-9860-0B6B001629FB} = {80155CF9-F429-4110-9748-EC85E0C8FD0E}
		{6D6CA6FA-3184-47D3-8574-2AEAC49E3F24} = {80155CF9-F429-4110-9748-EC85E0C8FD0E}
		{D9D1D6F1-915F-4FFC-A75E-46741396496B} = {80155CF9-F429-4110-9748-EC85E0C8FD0E}
	EndGlobalSection
	GlobalSection(ExtensibilityGlobals) = postSolution
		SolutionGuid = {55C65F65-8D68-412F-B4C2-8813DB326682}
	EndGlobalSection
EndGlobal
