
Microsoft Visual Studio Solution File, Format Version 12.00
# Visual Studio 14
VisualStudioVersion = 14.0.25420.1
MinimumVisualStudioVersion = 10.0.40219.1
Project("{F184B08F-C81C-45F6-A57F-5ABD9991F28F}") = "dataprovider", "dataprovider\dataprovider.vbproj", "{EC819CF1-1618-4E02-9DE1-C1F12A0ACCAC}"
EndProject
Project("{F184B08F-C81C-45F6-A57F-5ABD9991F28F}") = "configuration", "configuration\configuration.vbproj", "{C428976D-292A-49E8-9226-7D355AD3593C}"
	ProjectSection(ProjectDependencies) = postProject
		{B8B38F56-22B2-48BA-9E9D-13ECDFF1BAB1} = {B8B38F56-22B2-48BA-9E9D-13ECDFF1BAB1}
		{8FE479A4-71CA-445D-B388-5858D2D435B2} = {8FE479A4-71CA-445D-B388-5858D2D435B2}
		{EC819CF1-1618-4E02-9DE1-C1F12A0ACCAC} = {EC819CF1-1618-4E02-9DE1-C1F12A0ACCAC}
	EndProjectSection
EndProject
Project("{2150E333-8FDC-42A3-9474-1A3956D46DE8}") = "tests", "tests", "{80155CF9-F429-4110-9748-EC85E0C8FD0E}"
EndProject
Project("{F184B08F-C81C-45F6-A57F-5ABD9991F28F}") = "dataprovider", "tests\dataprovider\dataprovider.vbproj", "{FCADC447-D5FB-41F3-9DE2-C9D97259A6F7}"
EndProject
Project("{F184B08F-C81C-45F6-A57F-5ABD9991F28F}") = "cache", "cache\cache.vbproj", "{B8B38F56-22B2-48BA-9E9D-13ECDFF1BAB1}"
EndProject
Project("{F184B08F-C81C-45F6-A57F-5ABD9991F28F}") = "cache", "tests\cache\cache.vbproj", "{7B47AF50-8676-4FB7-B06C-F0421DF020EC}"
EndProject
Project("{F184B08F-C81C-45F6-A57F-5ABD9991F28F}") = "http", "http\http.vbproj", "{67779F19-340F-454E-A3F3-AAF23C531221}"
	ProjectSection(ProjectDependencies) = postProject
		{5C50DC19-4D4C-48C6-9D52-6C1B1BC6AB9E} = {5C50DC19-4D4C-48C6-9D52-6C1B1BC6AB9E}
		{92349B84-3C34-42A1-A7CE-62543504B982} = {92349B84-3C34-42A1-A7CE-62543504B982}
		{8FE479A4-71CA-445D-B388-5858D2D435B2} = {8FE479A4-71CA-445D-B388-5858D2D435B2}
	EndProjectSection
EndProject
Project("{F184B08F-C81C-45F6-A57F-5ABD9991F28F}") = "http", "tests\http\http.vbproj", "{2CA2C262-CF12-48B9-A37D-76060D212F0C}"
	ProjectSection(ProjectDependencies) = postProject
		{67779F19-340F-454E-A3F3-AAF23C531221} = {67779F19-340F-454E-A3F3-AAF23C531221}
	EndProjectSection
EndProject
Project("{F184B08F-C81C-45F6-A57F-5ABD9991F28F}") = "configuration", "tests\configuration\configuration.vbproj", "{C3C617E7-C48A-4685-9722-2B7DFBDB133C}"
EndProject
Project("{2150E333-8FDC-42A3-9474-1A3956D46DE8}") = "Solution Items", "Solution Items", "{44C08F42-B113-4483-A0A2-CBE1143F9EAB}"
	ProjectSection(SolutionItems) = preProject
		services.all = services.all
	EndProjectSection
EndProject
Project("{F184B08F-C81C-45F6-A57F-5ABD9991F28F}") = "protector", "protector\protector.vbproj", "{E7C4A3CE-16E7-4502-90F5-255D72A4F6F5}"
EndProject
Project("{F184B08F-C81C-45F6-A57F-5ABD9991F28F}") = "tcp", "tcp\tcp.vbproj", "{B1B03DD2-E30E-4C67-87A7-846BCBA97AEB}"
	ProjectSection(ProjectDependencies) = postProject
		{5C50DC19-4D4C-48C6-9D52-6C1B1BC6AB9E} = {5C50DC19-4D4C-48C6-9D52-6C1B1BC6AB9E}
		{92349B84-3C34-42A1-A7CE-62543504B982} = {92349B84-3C34-42A1-A7CE-62543504B982}
		{8FE479A4-71CA-445D-B388-5858D2D435B2} = {8FE479A4-71CA-445D-B388-5858D2D435B2}
		{F39134C1-058F-4CFB-835D-2D827B95B393} = {F39134C1-058F-4CFB-835D-2D827B95B393}
	EndProjectSection
EndProject
Project("{F184B08F-C81C-45F6-A57F-5ABD9991F28F}") = "tcp", "tests\tcp\tcp.vbproj", "{C1953226-B662-4BDB-B775-A82C8D9DB6C3}"
	ProjectSection(ProjectDependencies) = postProject
		{B1B03DD2-E30E-4C67-87A7-846BCBA97AEB} = {B1B03DD2-E30E-4C67-87A7-846BCBA97AEB}
	EndProjectSection
EndProject
Project("{F184B08F-C81C-45F6-A57F-5ABD9991F28F}") = "argument", "argument\argument.vbproj", "{A53A7E47-5B3A-40FB-95B8-375691D14AAD}"
	ProjectSection(ProjectDependencies) = postProject
		{8FE479A4-71CA-445D-B388-5858D2D435B2} = {8FE479A4-71CA-445D-B388-5858D2D435B2}
	EndProjectSection
EndProject
Project("{F184B08F-C81C-45F6-A57F-5ABD9991F28F}") = "convertor", "convertor\convertor.vbproj", "{8FE479A4-71CA-445D-B388-5858D2D435B2}"
EndProject
Project("{F184B08F-C81C-45F6-A57F-5ABD9991F28F}") = "dns", "dns\dns.vbproj", "{F39134C1-058F-4CFB-835D-2D827B95B393}"
	ProjectSection(ProjectDependencies) = postProject
		{B8B38F56-22B2-48BA-9E9D-13ECDFF1BAB1} = {B8B38F56-22B2-48BA-9E9D-13ECDFF1BAB1}
	EndProjectSection
EndProject
Project("{F184B08F-C81C-45F6-A57F-5ABD9991F28F}") = "udp", "udp\udp.vbproj", "{A514D2E1-0A29-435D-972F-CF55F0580801}"
	ProjectSection(ProjectDependencies) = postProject
		{5C50DC19-4D4C-48C6-9D52-6C1B1BC6AB9E} = {5C50DC19-4D4C-48C6-9D52-6C1B1BC6AB9E}
		{078F8581-BE00-465E-94F7-C3C713A78752} = {078F8581-BE00-465E-94F7-C3C713A78752}
		{F39134C1-058F-4CFB-835D-2D827B95B393} = {F39134C1-058F-4CFB-835D-2D827B95B393}
	EndProjectSection
EndProject
Project("{F184B08F-C81C-45F6-A57F-5ABD9991F28F}") = "storage", "storage\storage.vbproj", "{FADBC20C-D0A1-44CB-A1EF-9B318EB15973}"
	ProjectSection(ProjectDependencies) = postProject
		{5C50DC19-4D4C-48C6-9D52-6C1B1BC6AB9E} = {5C50DC19-4D4C-48C6-9D52-6C1B1BC6AB9E}
		{A53A7E47-5B3A-40FB-95B8-375691D14AAD} = {A53A7E47-5B3A-40FB-95B8-375691D14AAD}
		{B8B38F56-22B2-48BA-9E9D-13ECDFF1BAB1} = {B8B38F56-22B2-48BA-9E9D-13ECDFF1BAB1}
		{1DE5E4A1-4A4D-4868-893C-E98035B421EC} = {1DE5E4A1-4A4D-4868-893C-E98035B421EC}
		{8FE479A4-71CA-445D-B388-5858D2D435B2} = {8FE479A4-71CA-445D-B388-5858D2D435B2}
	EndProjectSection
EndProject
Project("{F184B08F-C81C-45F6-A57F-5ABD9991F28F}") = "commander", "commander\commander.vbproj", "{5C50DC19-4D4C-48C6-9D52-6C1B1BC6AB9E}"
	ProjectSection(ProjectDependencies) = postProject
		{92349B84-3C34-42A1-A7CE-62543504B982} = {92349B84-3C34-42A1-A7CE-62543504B982}
		{8FE479A4-71CA-445D-B388-5858D2D435B2} = {8FE479A4-71CA-445D-B388-5858D2D435B2}
		{1576FAFA-568B-4C9E-809F-EAAF1480C060} = {1576FAFA-568B-4C9E-809F-EAAF1480C060}
	EndProjectSection
EndProject
Project("{F184B08F-C81C-45F6-A57F-5ABD9991F28F}") = "convertor", "tests\convertor\convertor.vbproj", "{BAFFDCCE-9F20-4970-8447-E5CA968EAE87}"
	ProjectSection(ProjectDependencies) = postProject
		{8FE479A4-71CA-445D-B388-5858D2D435B2} = {8FE479A4-71CA-445D-B388-5858D2D435B2}
	EndProjectSection
EndProject
Project("{F184B08F-C81C-45F6-A57F-5ABD9991F28F}") = "commander", "tests\commander\commander.vbproj", "{800FECE3-F53C-43A7-A673-39176A2E8AA7}"
	ProjectSection(ProjectDependencies) = postProject
		{67779F19-340F-454E-A3F3-AAF23C531221} = {67779F19-340F-454E-A3F3-AAF23C531221}
		{5C50DC19-4D4C-48C6-9D52-6C1B1BC6AB9E} = {5C50DC19-4D4C-48C6-9D52-6C1B1BC6AB9E}
		{7DC8AA60-7E17-4023-A9A8-496CD0D072F1} = {7DC8AA60-7E17-4023-A9A8-496CD0D072F1}
		{08986685-C36E-4CF8-AB33-B31824ADC213} = {08986685-C36E-4CF8-AB33-B31824ADC213}
		{8FE479A4-71CA-445D-B388-5858D2D435B2} = {8FE479A4-71CA-445D-B388-5858D2D435B2}
		{B1B03DD2-E30E-4C67-87A7-846BCBA97AEB} = {B1B03DD2-E30E-4C67-87A7-846BCBA97AEB}
		{A514D2E1-0A29-435D-972F-CF55F0580801} = {A514D2E1-0A29-435D-972F-CF55F0580801}
	EndProjectSection
EndProject
Project("{F184B08F-C81C-45F6-A57F-5ABD9991F28F}") = "streamer", "streamer\streamer.vbproj", "{6DB1C103-8D12-4125-8257-4FFCF90A2966}"
	ProjectSection(ProjectDependencies) = postProject
		{92349B84-3C34-42A1-A7CE-62543504B982} = {92349B84-3C34-42A1-A7CE-62543504B982}
	EndProjectSection
EndProject
Project("{F184B08F-C81C-45F6-A57F-5ABD9991F28F}") = "storage", "tests\storage\storage.vbproj", "{07C9CC3A-9863-4679-B2A4-82763D96E3A2}"
	ProjectSection(ProjectDependencies) = postProject
		{FADBC20C-D0A1-44CB-A1EF-9B318EB15973} = {FADBC20C-D0A1-44CB-A1EF-9B318EB15973}
		{67779F19-340F-454E-A3F3-AAF23C531221} = {67779F19-340F-454E-A3F3-AAF23C531221}
		{B1B03DD2-E30E-4C67-87A7-846BCBA97AEB} = {B1B03DD2-E30E-4C67-87A7-846BCBA97AEB}
	EndProjectSection
EndProject
Project("{F184B08F-C81C-45F6-A57F-5ABD9991F28F}") = "selector", "selector\selector.vbproj", "{1DE5E4A1-4A4D-4868-893C-E98035B421EC}"
	ProjectSection(ProjectDependencies) = postProject
		{3891B0B7-27B1-47AE-B6B1-1E40FD82B9C9} = {3891B0B7-27B1-47AE-B6B1-1E40FD82B9C9}
	EndProjectSection
EndProject
Project("{F184B08F-C81C-45F6-A57F-5ABD9991F28F}") = "selector", "tests\selector\selector.vbproj", "{001A7A8F-B5DF-4302-8C80-9EBB1308744D}"
	ProjectSection(ProjectDependencies) = postProject
		{1DE5E4A1-4A4D-4868-893C-E98035B421EC} = {1DE5E4A1-4A4D-4868-893C-E98035B421EC}
	EndProjectSection
EndProject
Project("{F184B08F-C81C-45F6-A57F-5ABD9991F28F}") = "xml", "xml\xml.vbproj", "{0166289C-1C34-4F5D-A6A7-1989A26B4B1A}"
EndProject
Project("{F184B08F-C81C-45F6-A57F-5ABD9991F28F}") = "xml", "tests\xml\xml.vbproj", "{7EB16CE9-154A-48E9-98ED-3756F25AFED1}"
	ProjectSection(ProjectDependencies) = postProject
		{0166289C-1C34-4F5D-A6A7-1989A26B4B1A} = {0166289C-1C34-4F5D-A6A7-1989A26B4B1A}
	EndProjectSection
EndProject
Project("{F184B08F-C81C-45F6-A57F-5ABD9991F28F}") = "argument", "tests\argument\argument.vbproj", "{B6F8C541-722C-4EAE-9FB9-2D28A670940E}"
	ProjectSection(ProjectDependencies) = postProject
		{A53A7E47-5B3A-40FB-95B8-375691D14AAD} = {A53A7E47-5B3A-40FB-95B8-375691D14AAD}
	EndProjectSection
EndProject
Project("{F184B08F-C81C-45F6-A57F-5ABD9991F28F}") = "input", "input\input.vbproj", "{E416DF1F-6E57-4B02-9DA3-2C00D281DFB8}"
	ProjectSection(ProjectDependencies) = postProject
		{D600F89B-8F8F-4D8C-AD4B-128DC22BED8D} = {D600F89B-8F8F-4D8C-AD4B-128DC22BED8D}
	EndProjectSection
EndProject
Project("{F184B08F-C81C-45F6-A57F-5ABD9991F28F}") = "output", "output\output.vbproj", "{90CDC5A8-9C47-4A2A-837D-A92C137394D9}"
	ProjectSection(ProjectDependencies) = postProject
		{D600F89B-8F8F-4D8C-AD4B-128DC22BED8D} = {D600F89B-8F8F-4D8C-AD4B-128DC22BED8D}
	EndProjectSection
EndProject
Project("{F184B08F-C81C-45F6-A57F-5ABD9991F28F}") = "iosys", "iosys\iosys.vbproj", "{D600F89B-8F8F-4D8C-AD4B-128DC22BED8D}"
	ProjectSection(ProjectDependencies) = postProject
		{6DB1C103-8D12-4125-8257-4FFCF90A2966} = {6DB1C103-8D12-4125-8257-4FFCF90A2966}
		{5C50DC19-4D4C-48C6-9D52-6C1B1BC6AB9E} = {5C50DC19-4D4C-48C6-9D52-6C1B1BC6AB9E}
	EndProjectSection
EndProject
Project("{F184B08F-C81C-45F6-A57F-5ABD9991F28F}") = "iosys", "tests\iosys\iosys.vbproj", "{4D415612-52BD-4314-9F0F-3F4A7498075D}"
	ProjectSection(ProjectDependencies) = postProject
		{67779F19-340F-454E-A3F3-AAF23C531221} = {67779F19-340F-454E-A3F3-AAF23C531221}
		{D600F89B-8F8F-4D8C-AD4B-128DC22BED8D} = {D600F89B-8F8F-4D8C-AD4B-128DC22BED8D}
	EndProjectSection
EndProject
Project("{F184B08F-C81C-45F6-A57F-5ABD9991F28F}") = "input", "tests\input\input.vbproj", "{828BAE93-4135-47A5-BBFE-D8FD02E23CCC}"
	ProjectSection(ProjectDependencies) = postProject
		{E416DF1F-6E57-4B02-9DA3-2C00D281DFB8} = {E416DF1F-6E57-4B02-9DA3-2C00D281DFB8}
	EndProjectSection
EndProject
Project("{F184B08F-C81C-45F6-A57F-5ABD9991F28F}") = "output", "tests\output\output.vbproj", "{CB6BE3D6-872D-4B8A-A434-13589C682E68}"
	ProjectSection(ProjectDependencies) = postProject
		{90CDC5A8-9C47-4A2A-837D-A92C137394D9} = {90CDC5A8-9C47-4A2A-837D-A92C137394D9}
	EndProjectSection
EndProject
Project("{F184B08F-C81C-45F6-A57F-5ABD9991F28F}") = "math", "math\math.vbproj", "{5BF75D65-EF02-42C6-A6D3-7675EB39DF69}"
	ProjectSection(ProjectDependencies) = postProject
		{594A9B5D-917C-4212-9342-319FD78C2721} = {594A9B5D-917C-4212-9342-319FD78C2721}
		{30DF1B7B-C5D8-4562-A15A-3555B73B483C} = {30DF1B7B-C5D8-4562-A15A-3555B73B483C}
	EndProjectSection
EndProject
Project("{F184B08F-C81C-45F6-A57F-5ABD9991F28F}") = "math", "tests\math\math.vbproj", "{6A942CEB-F14F-457E-AF0D-3D7A5443AFE6}"
	ProjectSection(ProjectDependencies) = postProject
		{5BF75D65-EF02-42C6-A6D3-7675EB39DF69} = {5BF75D65-EF02-42C6-A6D3-7675EB39DF69}
	EndProjectSection
EndProject
Project("{F184B08F-C81C-45F6-A57F-5ABD9991F28F}") = "automata", "automata\automata.vbproj", "{594A9B5D-917C-4212-9342-319FD78C2721}"
	ProjectSection(ProjectDependencies) = postProject
		{C428976D-292A-49E8-9226-7D355AD3593C} = {C428976D-292A-49E8-9226-7D355AD3593C}
	EndProjectSection
EndProject
Project("{F184B08F-C81C-45F6-A57F-5ABD9991F28F}") = "automata", "tests\automata\automata.vbproj", "{6847F777-1798-438B-A6D0-F3D5C6281CF1}"
	ProjectSection(ProjectDependencies) = postProject
		{594A9B5D-917C-4212-9342-319FD78C2721} = {594A9B5D-917C-4212-9342-319FD78C2721}
	EndProjectSection
EndProject
Project("{F184B08F-C81C-45F6-A57F-5ABD9991F28F}") = "resource", "resource\resource.vbproj", "{30DF1B7B-C5D8-4562-A15A-3555B73B483C}"
EndProject
Project("{F184B08F-C81C-45F6-A57F-5ABD9991F28F}") = "ucmath", "tests\ucmath\ucmath.vbproj", "{ED0C15AE-B29B-4DA1-BAFC-9DB9C823D5B0}"
	ProjectSection(ProjectDependencies) = postProject
		{5BF75D65-EF02-42C6-A6D3-7675EB39DF69} = {5BF75D65-EF02-42C6-A6D3-7675EB39DF69}
	EndProjectSection
EndProject
Project("{F184B08F-C81C-45F6-A57F-5ABD9991F28F}") = "interpreter", "interpreter\interpreter.vbproj", "{43A71AF7-394D-4E92-880E-A35347205DEB}"
	ProjectSection(ProjectDependencies) = postProject
		{594A9B5D-917C-4212-9342-319FD78C2721} = {594A9B5D-917C-4212-9342-319FD78C2721}
		{5BF75D65-EF02-42C6-A6D3-7675EB39DF69} = {5BF75D65-EF02-42C6-A6D3-7675EB39DF69}
		{30DF1B7B-C5D8-4562-A15A-3555B73B483C} = {30DF1B7B-C5D8-4562-A15A-3555B73B483C}
	EndProjectSection
EndProject
Project("{F184B08F-C81C-45F6-A57F-5ABD9991F28F}") = "interpreter", "tests\interpreter\interpreter.vbproj", "{D43E4812-6D36-402B-8E02-2CE782165B7F}"
	ProjectSection(ProjectDependencies) = postProject
		{43A71AF7-394D-4E92-880E-A35347205DEB} = {43A71AF7-394D-4E92-880E-A35347205DEB}
	EndProjectSection
EndProject
Project("{F184B08F-C81C-45F6-A57F-5ABD9991F28F}") = "resource", "tests\resource\resource.vbproj", "{9FEE5C38-5DC5-46B7-9860-0B6B001629FB}"
	ProjectSection(ProjectDependencies) = postProject
		{30DF1B7B-C5D8-4562-A15A-3555B73B483C} = {30DF1B7B-C5D8-4562-A15A-3555B73B483C}
	EndProjectSection
EndProject
Project("{F184B08F-C81C-45F6-A57F-5ABD9991F28F}") = "secure", "secure\secure.vbproj", "{1576FAFA-568B-4C9E-809F-EAAF1480C060}"
	ProjectSection(ProjectDependencies) = postProject
		{A53A7E47-5B3A-40FB-95B8-375691D14AAD} = {A53A7E47-5B3A-40FB-95B8-375691D14AAD}
		{92349B84-3C34-42A1-A7CE-62543504B982} = {92349B84-3C34-42A1-A7CE-62543504B982}
		{8FE479A4-71CA-445D-B388-5858D2D435B2} = {8FE479A4-71CA-445D-B388-5858D2D435B2}
	EndProjectSection
EndProject
Project("{F184B08F-C81C-45F6-A57F-5ABD9991F28F}") = "zip", "zip\zip.vbproj", "{37E0F4F7-BD34-464F-9C2D-E3C8FA65B589}"
	ProjectSection(ProjectDependencies) = postProject
		{A53A7E47-5B3A-40FB-95B8-375691D14AAD} = {A53A7E47-5B3A-40FB-95B8-375691D14AAD}
		{92349B84-3C34-42A1-A7CE-62543504B982} = {92349B84-3C34-42A1-A7CE-62543504B982}
		{8FE479A4-71CA-445D-B388-5858D2D435B2} = {8FE479A4-71CA-445D-B388-5858D2D435B2}
	EndProjectSection
EndProject
Project("{F184B08F-C81C-45F6-A57F-5ABD9991F28F}") = "secure", "tests\secure\secure.vbproj", "{6AA9710F-CB65-4287-B39E-67E3F3AB18B3}"
	ProjectSection(ProjectDependencies) = postProject
		{1576FAFA-568B-4C9E-809F-EAAF1480C060} = {1576FAFA-568B-4C9E-809F-EAAF1480C060}
	EndProjectSection
EndProject
Project("{F184B08F-C81C-45F6-A57F-5ABD9991F28F}") = "zip", "tests\zip\zip.vbproj", "{368F3B88-369E-407E-A677-6BC954D31FF7}"
	ProjectSection(ProjectDependencies) = postProject
		{37E0F4F7-BD34-464F-9C2D-E3C8FA65B589} = {37E0F4F7-BD34-464F-9C2D-E3C8FA65B589}
	EndProjectSection
EndProject
Project("{F184B08F-C81C-45F6-A57F-5ABD9991F28F}") = "streamer", "tests\streamer\streamer.vbproj", "{D6D18846-0F57-488E-A46C-D7670609E10F}"
	ProjectSection(ProjectDependencies) = postProject
		{6DB1C103-8D12-4125-8257-4FFCF90A2966} = {6DB1C103-8D12-4125-8257-4FFCF90A2966}
		{7DC8AA60-7E17-4023-A9A8-496CD0D072F1} = {7DC8AA60-7E17-4023-A9A8-496CD0D072F1}
	EndProjectSection
EndProject
Project("{F184B08F-C81C-45F6-A57F-5ABD9991F28F}") = "device", "device\device.vbproj", "{92349B84-3C34-42A1-A7CE-62543504B982}"
	ProjectSection(ProjectDependencies) = postProject
		{A53A7E47-5B3A-40FB-95B8-375691D14AAD} = {A53A7E47-5B3A-40FB-95B8-375691D14AAD}
		{C428976D-292A-49E8-9226-7D355AD3593C} = {C428976D-292A-49E8-9226-7D355AD3593C}
		{1DE5E4A1-4A4D-4868-893C-E98035B421EC} = {1DE5E4A1-4A4D-4868-893C-E98035B421EC}
		{8FE479A4-71CA-445D-B388-5858D2D435B2} = {8FE479A4-71CA-445D-B388-5858D2D435B2}
	EndProjectSection
EndProject
Project("{F184B08F-C81C-45F6-A57F-5ABD9991F28F}") = "device", "tests\device\device.vbproj", "{7DC8AA60-7E17-4023-A9A8-496CD0D072F1}"
	ProjectSection(ProjectDependencies) = postProject
		{92349B84-3C34-42A1-A7CE-62543504B982} = {92349B84-3C34-42A1-A7CE-62543504B982}
	EndProjectSection
EndProject
Project("{F184B08F-C81C-45F6-A57F-5ABD9991F28F}") = "channel", "channel\channel.vbproj", "{678C458D-C0A5-4C8D-BCB6-698C11269446}"
	ProjectSection(ProjectDependencies) = postProject
		{5C50DC19-4D4C-48C6-9D52-6C1B1BC6AB9E} = {5C50DC19-4D4C-48C6-9D52-6C1B1BC6AB9E}
		{92349B84-3C34-42A1-A7CE-62543504B982} = {92349B84-3C34-42A1-A7CE-62543504B982}
	EndProjectSection
EndProject
Project("{F184B08F-C81C-45F6-A57F-5ABD9991F28F}") = "channel", "tests\channel\channel.vbproj", "{E00F761D-D122-4301-ADA5-1028F3120B57}"
EndProject
Project("{F184B08F-C81C-45F6-A57F-5ABD9991F28F}") = "service", "tests\service\service.vbproj", "{5CC69D74-0899-482E-B3BC-13929973F72D}"
	ProjectSection(ProjectDependencies) = postProject
		{6DB1C103-8D12-4125-8257-4FFCF90A2966} = {6DB1C103-8D12-4125-8257-4FFCF90A2966}
		{FADBC20C-D0A1-44CB-A1EF-9B318EB15973} = {FADBC20C-D0A1-44CB-A1EF-9B318EB15973}
		{67779F19-340F-454E-A3F3-AAF23C531221} = {67779F19-340F-454E-A3F3-AAF23C531221}
		{5C50DC19-4D4C-48C6-9D52-6C1B1BC6AB9E} = {5C50DC19-4D4C-48C6-9D52-6C1B1BC6AB9E}
		{E416DF1F-6E57-4B02-9DA3-2C00D281DFB8} = {E416DF1F-6E57-4B02-9DA3-2C00D281DFB8}
		{A53A7E47-5B3A-40FB-95B8-375691D14AAD} = {A53A7E47-5B3A-40FB-95B8-375691D14AAD}
		{B8B38F56-22B2-48BA-9E9D-13ECDFF1BAB1} = {B8B38F56-22B2-48BA-9E9D-13ECDFF1BAB1}
		{594A9B5D-917C-4212-9342-319FD78C2721} = {594A9B5D-917C-4212-9342-319FD78C2721}
		{5BF75D65-EF02-42C6-A6D3-7675EB39DF69} = {5BF75D65-EF02-42C6-A6D3-7675EB39DF69}
		{C428976D-292A-49E8-9226-7D355AD3593C} = {C428976D-292A-49E8-9226-7D355AD3593C}
		{30DF1B7B-C5D8-4562-A15A-3555B73B483C} = {30DF1B7B-C5D8-4562-A15A-3555B73B483C}
		{92349B84-3C34-42A1-A7CE-62543504B982} = {92349B84-3C34-42A1-A7CE-62543504B982}
		{678C458D-C0A5-4C8D-BCB6-698C11269446} = {678C458D-C0A5-4C8D-BCB6-698C11269446}
		{D600F89B-8F8F-4D8C-AD4B-128DC22BED8D} = {D600F89B-8F8F-4D8C-AD4B-128DC22BED8D}
		{0166289C-1C34-4F5D-A6A7-1989A26B4B1A} = {0166289C-1C34-4F5D-A6A7-1989A26B4B1A}
		{1DE5E4A1-4A4D-4868-893C-E98035B421EC} = {1DE5E4A1-4A4D-4868-893C-E98035B421EC}
		{8FE479A4-71CA-445D-B388-5858D2D435B2} = {8FE479A4-71CA-445D-B388-5858D2D435B2}
		{90CDC5A8-9C47-4A2A-837D-A92C137394D9} = {90CDC5A8-9C47-4A2A-837D-A92C137394D9}
		{ED0C15AE-B29B-4DA1-BAFC-9DB9C823D5B0} = {ED0C15AE-B29B-4DA1-BAFC-9DB9C823D5B0}
		{F39134C1-058F-4CFB-835D-2D827B95B393} = {F39134C1-058F-4CFB-835D-2D827B95B393}
		{E7C4A3CE-16E7-4502-90F5-255D72A4F6F5} = {E7C4A3CE-16E7-4502-90F5-255D72A4F6F5}
		{B1B03DD2-E30E-4C67-87A7-846BCBA97AEB} = {B1B03DD2-E30E-4C67-87A7-846BCBA97AEB}
		{A514D2E1-0A29-435D-972F-CF55F0580801} = {A514D2E1-0A29-435D-972F-CF55F0580801}
		{EC819CF1-1618-4E02-9DE1-C1F12A0ACCAC} = {EC819CF1-1618-4E02-9DE1-C1F12A0ACCAC}
		{43A71AF7-394D-4E92-880E-A35347205DEB} = {43A71AF7-394D-4E92-880E-A35347205DEB}
		{37E0F4F7-BD34-464F-9C2D-E3C8FA65B589} = {37E0F4F7-BD34-464F-9C2D-E3C8FA65B589}
		{1576FAFA-568B-4C9E-809F-EAAF1480C060} = {1576FAFA-568B-4C9E-809F-EAAF1480C060}
	EndProjectSection
EndProject
Project("{F184B08F-C81C-45F6-A57F-5ABD9991F28F}") = "compiler", "compiler\compiler.vbproj", "{565B3F91-E8B1-4922-BE27-05CA7DAD8815}"
	ProjectSection(ProjectDependencies) = postProject
		{594A9B5D-917C-4212-9342-319FD78C2721} = {594A9B5D-917C-4212-9342-319FD78C2721}
		{43A71AF7-394D-4E92-880E-A35347205DEB} = {43A71AF7-394D-4E92-880E-A35347205DEB}
	EndProjectSection
EndProject
Project("{F184B08F-C81C-45F6-A57F-5ABD9991F28F}") = "compiler", "tests\compiler\compiler.vbproj", "{6D6CA6FA-3184-47D3-8574-2AEAC49E3F24}"
	ProjectSection(ProjectDependencies) = postProject
		{565B3F91-E8B1-4922-BE27-05CA7DAD8815} = {565B3F91-E8B1-4922-BE27-05CA7DAD8815}
	EndProjectSection
EndProject
Project("{F184B08F-C81C-45F6-A57F-5ABD9991F28F}") = "udp", "tests\udp\udp.vbproj", "{E211A4BF-B083-418D-AEB6-DFA833688210}"
	ProjectSection(ProjectDependencies) = postProject
		{7DC8AA60-7E17-4023-A9A8-496CD0D072F1} = {7DC8AA60-7E17-4023-A9A8-496CD0D072F1}
		{92349B84-3C34-42A1-A7CE-62543504B982} = {92349B84-3C34-42A1-A7CE-62543504B982}
		{A514D2E1-0A29-435D-972F-CF55F0580801} = {A514D2E1-0A29-435D-972F-CF55F0580801}
	EndProjectSection
EndProject
Project("{F184B08F-C81C-45F6-A57F-5ABD9991F28F}") = "dns", "tests\dns\dns.vbproj", "{0AD7E6B4-F1CA-4BA8-8833-599691267260}"
	ProjectSection(ProjectDependencies) = postProject
		{F39134C1-058F-4CFB-835D-2D827B95B393} = {F39134C1-058F-4CFB-835D-2D827B95B393}
	EndProjectSection
EndProject
Project("{F184B08F-C81C-45F6-A57F-5ABD9991F28F}") = "transmitter", "transmitter\transmitter.vbproj", "{3891B0B7-27B1-47AE-B6B1-1E40FD82B9C9}"
	ProjectSection(ProjectDependencies) = postProject
		{8FE479A4-71CA-445D-B388-5858D2D435B2} = {8FE479A4-71CA-445D-B388-5858D2D435B2}
	EndProjectSection
EndProject
Project("{F184B08F-C81C-45F6-A57F-5ABD9991F28F}") = "transmitter", "tests\transmitter\transmitter.vbproj", "{08986685-C36E-4CF8-AB33-B31824ADC213}"
	ProjectSection(ProjectDependencies) = postProject
		{3891B0B7-27B1-47AE-B6B1-1E40FD82B9C9} = {3891B0B7-27B1-47AE-B6B1-1E40FD82B9C9}
	EndProjectSection
EndProject
Project("{F184B08F-C81C-45F6-A57F-5ABD9991F28F}") = "webstorage", "webstorage\webstorage.vbproj", "{1687C791-C0B0-4BEB-9B49-EB7241E74377}"
EndProject
Project("{F184B08F-C81C-45F6-A57F-5ABD9991F28F}") = "webstorage", "tests\webstorage\webstorage.vbproj", "{88157EDE-6AB9-4833-9BBA-20AA62E899C3}"
EndProject
Project("{F184B08F-C81C-45F6-A57F-5ABD9991F28F}") = "sharedtransmitter", "sharedtransmitter\sharedtransmitter.vbproj", "{078F8581-BE00-465E-94F7-C3C713A78752}"
	ProjectSection(ProjectDependencies) = postProject
		{1DE5E4A1-4A4D-4868-893C-E98035B421EC} = {1DE5E4A1-4A4D-4868-893C-E98035B421EC}
	EndProjectSection
EndProject
Project("{F184B08F-C81C-45F6-A57F-5ABD9991F28F}") = "sharedtransmitter", "tests\sharedtransmitter\sharedtransmitter.vbproj", "{11ED1188-5AA1-4A50-8FA9-B6F921497D5F}"
	ProjectSection(ProjectDependencies) = postProject
		{078F8581-BE00-465E-94F7-C3C713A78752} = {078F8581-BE00-465E-94F7-C3C713A78752}
	EndProjectSection
EndProject
Project("{F184B08F-C81C-45F6-A57F-5ABD9991F28F}") = "constructor", "constructor\constructor.vbproj", "{3CE6B608-EB0B-4E59-A5AD-9CC76C3FD8C5}"
	ProjectSection(ProjectDependencies) = postProject
		{A53A7E47-5B3A-40FB-95B8-375691D14AAD} = {A53A7E47-5B3A-40FB-95B8-375691D14AAD}
	EndProjectSection
EndProject
Project("{F184B08F-C81C-45F6-A57F-5ABD9991F28F}") = "constructor", "tests\constructor\constructor.vbproj", "{D9D1D6F1-915F-4FFC-A75E-46741396496B}"
	ProjectSection(ProjectDependencies) = postProject
		{3CE6B608-EB0B-4E59-A5AD-9CC76C3FD8C5} = {3CE6B608-EB0B-4E59-A5AD-9CC76C3FD8C5}
	EndProjectSection
EndProject
Project("{F184B08F-C81C-45F6-A57F-5ABD9991F28F}") = "devicepool", "devicepool\devicepool.vbproj", "{E3AF16E1-F9F7-4053-8128-36281F422C7B}"
EndProject
Project("{F184B08F-C81C-45F6-A57F-5ABD9991F28F}") = "devicepool", "tests\devicepool\devicepool.vbproj", "{EE4695E6-9F9A-49EB-BCC6-E116762385D5}"
EndProject
Project("{F184B08F-C81C-45F6-A57F-5ABD9991F28F}") = "dynamiclogic", "dynamiclogic\dynamiclogic.vbproj", "{EE39361A-53A0-4B16-BEAE-1A064FA0FB58}"
	ProjectSection(ProjectDependencies) = postProject
		{565B3F91-E8B1-4922-BE27-05CA7DAD8815} = {565B3F91-E8B1-4922-BE27-05CA7DAD8815}
		{EC819CF1-1618-4E02-9DE1-C1F12A0ACCAC} = {EC819CF1-1618-4E02-9DE1-C1F12A0ACCAC}
	EndProjectSection
EndProject
Project("{F184B08F-C81C-45F6-A57F-5ABD9991F28F}") = "dynamiclogic", "tests\dynamiclogic\dynamiclogic.vbproj", "{F764E13E-9DF6-46C5-836B-67BC8B90DBCF}"
	ProjectSection(ProjectDependencies) = postProject
		{EE39361A-53A0-4B16-BEAE-1A064FA0FB58} = {EE39361A-53A0-4B16-BEAE-1A064FA0FB58}
	EndProjectSection
EndProject
Project("{F184B08F-C81C-45F6-A57F-5ABD9991F28F}") = "resources", "resources\resources.vbproj", "{368317CC-04C9-4566-A76E-CA87D7510700}"
EndProject
Project("{F184B08F-C81C-45F6-A57F-5ABD9991F28F}") = "ml", "ml\ml.vbproj", "{315822AE-086B-4D72-9861-9E6D2C78C4B3}"
EndProject
Project("{F184B08F-C81C-45F6-A57F-5ABD9991F28F}") = "ml", "tests\ml\ml.vbproj", "{0F9E0ABF-E8B3-492D-AD6B-706F166B48A2}"
EndProject
Global
	GlobalSection(SolutionConfigurationPlatforms) = preSolution
		Debug|Any CPU = Debug|Any CPU
		Release|Any CPU = Release|Any CPU
	EndGlobalSection
	GlobalSection(ProjectConfigurationPlatforms) = postSolution
		{EC819CF1-1618-4E02-9DE1-C1F12A0ACCAC}.Debug|Any CPU.ActiveCfg = Debug|Any CPU
		{EC819CF1-1618-4E02-9DE1-C1F12A0ACCAC}.Debug|Any CPU.Build.0 = Debug|Any CPU
		{EC819CF1-1618-4E02-9DE1-C1F12A0ACCAC}.Release|Any CPU.ActiveCfg = Release|Any CPU
		{EC819CF1-1618-4E02-9DE1-C1F12A0ACCAC}.Release|Any CPU.Build.0 = Release|Any CPU
		{C428976D-292A-49E8-9226-7D355AD3593C}.Debug|Any CPU.ActiveCfg = Debug|Any CPU
		{C428976D-292A-49E8-9226-7D355AD3593C}.Debug|Any CPU.Build.0 = Debug|Any CPU
		{C428976D-292A-49E8-9226-7D355AD3593C}.Release|Any CPU.ActiveCfg = Release|Any CPU
		{C428976D-292A-49E8-9226-7D355AD3593C}.Release|Any CPU.Build.0 = Release|Any CPU
		{FCADC447-D5FB-41F3-9DE2-C9D97259A6F7}.Debug|Any CPU.ActiveCfg = Debug|Any CPU
		{FCADC447-D5FB-41F3-9DE2-C9D97259A6F7}.Debug|Any CPU.Build.0 = Debug|Any CPU
		{FCADC447-D5FB-41F3-9DE2-C9D97259A6F7}.Release|Any CPU.ActiveCfg = Release|Any CPU
		{FCADC447-D5FB-41F3-9DE2-C9D97259A6F7}.Release|Any CPU.Build.0 = Release|Any CPU
		{B8B38F56-22B2-48BA-9E9D-13ECDFF1BAB1}.Debug|Any CPU.ActiveCfg = Debug|Any CPU
		{B8B38F56-22B2-48BA-9E9D-13ECDFF1BAB1}.Debug|Any CPU.Build.0 = Debug|Any CPU
		{B8B38F56-22B2-48BA-9E9D-13ECDFF1BAB1}.Release|Any CPU.ActiveCfg = Release|Any CPU
		{B8B38F56-22B2-48BA-9E9D-13ECDFF1BAB1}.Release|Any CPU.Build.0 = Release|Any CPU
		{7B47AF50-8676-4FB7-B06C-F0421DF020EC}.Debug|Any CPU.ActiveCfg = Debug|Any CPU
		{7B47AF50-8676-4FB7-B06C-F0421DF020EC}.Debug|Any CPU.Build.0 = Debug|Any CPU
		{7B47AF50-8676-4FB7-B06C-F0421DF020EC}.Release|Any CPU.ActiveCfg = Release|Any CPU
		{7B47AF50-8676-4FB7-B06C-F0421DF020EC}.Release|Any CPU.Build.0 = Release|Any CPU
		{67779F19-340F-454E-A3F3-AAF23C531221}.Debug|Any CPU.ActiveCfg = Debug|Any CPU
		{67779F19-340F-454E-A3F3-AAF23C531221}.Debug|Any CPU.Build.0 = Debug|Any CPU
		{67779F19-340F-454E-A3F3-AAF23C531221}.Release|Any CPU.ActiveCfg = Release|Any CPU
		{67779F19-340F-454E-A3F3-AAF23C531221}.Release|Any CPU.Build.0 = Release|Any CPU
		{2CA2C262-CF12-48B9-A37D-76060D212F0C}.Debug|Any CPU.ActiveCfg = Debug|Any CPU
		{2CA2C262-CF12-48B9-A37D-76060D212F0C}.Debug|Any CPU.Build.0 = Debug|Any CPU
		{2CA2C262-CF12-48B9-A37D-76060D212F0C}.Release|Any CPU.ActiveCfg = Release|Any CPU
		{2CA2C262-CF12-48B9-A37D-76060D212F0C}.Release|Any CPU.Build.0 = Release|Any CPU
		{C3C617E7-C48A-4685-9722-2B7DFBDB133C}.Debug|Any CPU.ActiveCfg = Debug|Any CPU
		{C3C617E7-C48A-4685-9722-2B7DFBDB133C}.Debug|Any CPU.Build.0 = Debug|Any CPU
		{C3C617E7-C48A-4685-9722-2B7DFBDB133C}.Release|Any CPU.ActiveCfg = Release|Any CPU
		{C3C617E7-C48A-4685-9722-2B7DFBDB133C}.Release|Any CPU.Build.0 = Release|Any CPU
		{E7C4A3CE-16E7-4502-90F5-255D72A4F6F5}.Debug|Any CPU.ActiveCfg = Debug|Any CPU
		{E7C4A3CE-16E7-4502-90F5-255D72A4F6F5}.Debug|Any CPU.Build.0 = Debug|Any CPU
		{E7C4A3CE-16E7-4502-90F5-255D72A4F6F5}.Release|Any CPU.ActiveCfg = Release|Any CPU
		{E7C4A3CE-16E7-4502-90F5-255D72A4F6F5}.Release|Any CPU.Build.0 = Release|Any CPU
		{B1B03DD2-E30E-4C67-87A7-846BCBA97AEB}.Debug|Any CPU.ActiveCfg = Debug|Any CPU
		{B1B03DD2-E30E-4C67-87A7-846BCBA97AEB}.Debug|Any CPU.Build.0 = Debug|Any CPU
		{B1B03DD2-E30E-4C67-87A7-846BCBA97AEB}.Release|Any CPU.ActiveCfg = Release|Any CPU
		{B1B03DD2-E30E-4C67-87A7-846BCBA97AEB}.Release|Any CPU.Build.0 = Release|Any CPU
		{C1953226-B662-4BDB-B775-A82C8D9DB6C3}.Debug|Any CPU.ActiveCfg = Debug|Any CPU
		{C1953226-B662-4BDB-B775-A82C8D9DB6C3}.Debug|Any CPU.Build.0 = Debug|Any CPU
		{C1953226-B662-4BDB-B775-A82C8D9DB6C3}.Release|Any CPU.ActiveCfg = Release|Any CPU
		{C1953226-B662-4BDB-B775-A82C8D9DB6C3}.Release|Any CPU.Build.0 = Release|Any CPU
		{A53A7E47-5B3A-40FB-95B8-375691D14AAD}.Debug|Any CPU.ActiveCfg = Debug|Any CPU
		{A53A7E47-5B3A-40FB-95B8-375691D14AAD}.Debug|Any CPU.Build.0 = Debug|Any CPU
		{A53A7E47-5B3A-40FB-95B8-375691D14AAD}.Release|Any CPU.ActiveCfg = Release|Any CPU
		{A53A7E47-5B3A-40FB-95B8-375691D14AAD}.Release|Any CPU.Build.0 = Release|Any CPU
		{8FE479A4-71CA-445D-B388-5858D2D435B2}.Debug|Any CPU.ActiveCfg = Debug|Any CPU
		{8FE479A4-71CA-445D-B388-5858D2D435B2}.Debug|Any CPU.Build.0 = Debug|Any CPU
		{8FE479A4-71CA-445D-B388-5858D2D435B2}.Release|Any CPU.ActiveCfg = Release|Any CPU
		{8FE479A4-71CA-445D-B388-5858D2D435B2}.Release|Any CPU.Build.0 = Release|Any CPU
		{F39134C1-058F-4CFB-835D-2D827B95B393}.Debug|Any CPU.ActiveCfg = Debug|Any CPU
		{F39134C1-058F-4CFB-835D-2D827B95B393}.Debug|Any CPU.Build.0 = Debug|Any CPU
		{F39134C1-058F-4CFB-835D-2D827B95B393}.Release|Any CPU.ActiveCfg = Release|Any CPU
		{F39134C1-058F-4CFB-835D-2D827B95B393}.Release|Any CPU.Build.0 = Release|Any CPU
		{A514D2E1-0A29-435D-972F-CF55F0580801}.Debug|Any CPU.ActiveCfg = Debug|Any CPU
		{A514D2E1-0A29-435D-972F-CF55F0580801}.Debug|Any CPU.Build.0 = Debug|Any CPU
		{A514D2E1-0A29-435D-972F-CF55F0580801}.Release|Any CPU.ActiveCfg = Release|Any CPU
		{A514D2E1-0A29-435D-972F-CF55F0580801}.Release|Any CPU.Build.0 = Release|Any CPU
		{FADBC20C-D0A1-44CB-A1EF-9B318EB15973}.Debug|Any CPU.ActiveCfg = Debug|Any CPU
		{FADBC20C-D0A1-44CB-A1EF-9B318EB15973}.Debug|Any CPU.Build.0 = Debug|Any CPU
		{FADBC20C-D0A1-44CB-A1EF-9B318EB15973}.Release|Any CPU.ActiveCfg = Release|Any CPU
		{FADBC20C-D0A1-44CB-A1EF-9B318EB15973}.Release|Any CPU.Build.0 = Release|Any CPU
		{5C50DC19-4D4C-48C6-9D52-6C1B1BC6AB9E}.Debug|Any CPU.ActiveCfg = Debug|Any CPU
		{5C50DC19-4D4C-48C6-9D52-6C1B1BC6AB9E}.Debug|Any CPU.Build.0 = Debug|Any CPU
		{5C50DC19-4D4C-48C6-9D52-6C1B1BC6AB9E}.Release|Any CPU.ActiveCfg = Release|Any CPU
		{5C50DC19-4D4C-48C6-9D52-6C1B1BC6AB9E}.Release|Any CPU.Build.0 = Release|Any CPU
		{BAFFDCCE-9F20-4970-8447-E5CA968EAE87}.Debug|Any CPU.ActiveCfg = Debug|Any CPU
		{BAFFDCCE-9F20-4970-8447-E5CA968EAE87}.Debug|Any CPU.Build.0 = Debug|Any CPU
		{BAFFDCCE-9F20-4970-8447-E5CA968EAE87}.Release|Any CPU.ActiveCfg = Release|Any CPU
		{BAFFDCCE-9F20-4970-8447-E5CA968EAE87}.Release|Any CPU.Build.0 = Release|Any CPU
		{800FECE3-F53C-43A7-A673-39176A2E8AA7}.Debug|Any CPU.ActiveCfg = Debug|Any CPU
		{800FECE3-F53C-43A7-A673-39176A2E8AA7}.Debug|Any CPU.Build.0 = Debug|Any CPU
		{800FECE3-F53C-43A7-A673-39176A2E8AA7}.Release|Any CPU.ActiveCfg = Release|Any CPU
		{800FECE3-F53C-43A7-A673-39176A2E8AA7}.Release|Any CPU.Build.0 = Release|Any CPU
		{6DB1C103-8D12-4125-8257-4FFCF90A2966}.Debug|Any CPU.ActiveCfg = Debug|Any CPU
		{6DB1C103-8D12-4125-8257-4FFCF90A2966}.Debug|Any CPU.Build.0 = Debug|Any CPU
		{6DB1C103-8D12-4125-8257-4FFCF90A2966}.Release|Any CPU.ActiveCfg = Release|Any CPU
		{6DB1C103-8D12-4125-8257-4FFCF90A2966}.Release|Any CPU.Build.0 = Release|Any CPU
		{07C9CC3A-9863-4679-B2A4-82763D96E3A2}.Debug|Any CPU.ActiveCfg = Debug|Any CPU
		{07C9CC3A-9863-4679-B2A4-82763D96E3A2}.Debug|Any CPU.Build.0 = Debug|Any CPU
		{07C9CC3A-9863-4679-B2A4-82763D96E3A2}.Release|Any CPU.ActiveCfg = Release|Any CPU
		{07C9CC3A-9863-4679-B2A4-82763D96E3A2}.Release|Any CPU.Build.0 = Release|Any CPU
		{1DE5E4A1-4A4D-4868-893C-E98035B421EC}.Debug|Any CPU.ActiveCfg = Debug|Any CPU
		{1DE5E4A1-4A4D-4868-893C-E98035B421EC}.Debug|Any CPU.Build.0 = Debug|Any CPU
		{1DE5E4A1-4A4D-4868-893C-E98035B421EC}.Release|Any CPU.ActiveCfg = Release|Any CPU
		{1DE5E4A1-4A4D-4868-893C-E98035B421EC}.Release|Any CPU.Build.0 = Release|Any CPU
		{001A7A8F-B5DF-4302-8C80-9EBB1308744D}.Debug|Any CPU.ActiveCfg = Debug|Any CPU
		{001A7A8F-B5DF-4302-8C80-9EBB1308744D}.Debug|Any CPU.Build.0 = Debug|Any CPU
		{001A7A8F-B5DF-4302-8C80-9EBB1308744D}.Release|Any CPU.ActiveCfg = Release|Any CPU
		{001A7A8F-B5DF-4302-8C80-9EBB1308744D}.Release|Any CPU.Build.0 = Release|Any CPU
		{0166289C-1C34-4F5D-A6A7-1989A26B4B1A}.Debug|Any CPU.ActiveCfg = Debug|Any CPU
		{0166289C-1C34-4F5D-A6A7-1989A26B4B1A}.Debug|Any CPU.Build.0 = Debug|Any CPU
		{0166289C-1C34-4F5D-A6A7-1989A26B4B1A}.Release|Any CPU.ActiveCfg = Release|Any CPU
		{0166289C-1C34-4F5D-A6A7-1989A26B4B1A}.Release|Any CPU.Build.0 = Release|Any CPU
		{7EB16CE9-154A-48E9-98ED-3756F25AFED1}.Debug|Any CPU.ActiveCfg = Debug|Any CPU
		{7EB16CE9-154A-48E9-98ED-3756F25AFED1}.Debug|Any CPU.Build.0 = Debug|Any CPU
		{7EB16CE9-154A-48E9-98ED-3756F25AFED1}.Release|Any CPU.ActiveCfg = Release|Any CPU
		{7EB16CE9-154A-48E9-98ED-3756F25AFED1}.Release|Any CPU.Build.0 = Release|Any CPU
		{B6F8C541-722C-4EAE-9FB9-2D28A670940E}.Debug|Any CPU.ActiveCfg = Debug|Any CPU
		{B6F8C541-722C-4EAE-9FB9-2D28A670940E}.Debug|Any CPU.Build.0 = Debug|Any CPU
		{B6F8C541-722C-4EAE-9FB9-2D28A670940E}.Release|Any CPU.ActiveCfg = Release|Any CPU
		{B6F8C541-722C-4EAE-9FB9-2D28A670940E}.Release|Any CPU.Build.0 = Release|Any CPU
		{E416DF1F-6E57-4B02-9DA3-2C00D281DFB8}.Debug|Any CPU.ActiveCfg = Debug|Any CPU
		{E416DF1F-6E57-4B02-9DA3-2C00D281DFB8}.Debug|Any CPU.Build.0 = Debug|Any CPU
		{E416DF1F-6E57-4B02-9DA3-2C00D281DFB8}.Release|Any CPU.ActiveCfg = Release|Any CPU
		{E416DF1F-6E57-4B02-9DA3-2C00D281DFB8}.Release|Any CPU.Build.0 = Release|Any CPU
		{90CDC5A8-9C47-4A2A-837D-A92C137394D9}.Debug|Any CPU.ActiveCfg = Debug|Any CPU
		{90CDC5A8-9C47-4A2A-837D-A92C137394D9}.Debug|Any CPU.Build.0 = Debug|Any CPU
		{90CDC5A8-9C47-4A2A-837D-A92C137394D9}.Release|Any CPU.ActiveCfg = Release|Any CPU
		{90CDC5A8-9C47-4A2A-837D-A92C137394D9}.Release|Any CPU.Build.0 = Release|Any CPU
		{D600F89B-8F8F-4D8C-AD4B-128DC22BED8D}.Debug|Any CPU.ActiveCfg = Debug|Any CPU
		{D600F89B-8F8F-4D8C-AD4B-128DC22BED8D}.Debug|Any CPU.Build.0 = Debug|Any CPU
		{D600F89B-8F8F-4D8C-AD4B-128DC22BED8D}.Release|Any CPU.ActiveCfg = Release|Any CPU
		{D600F89B-8F8F-4D8C-AD4B-128DC22BED8D}.Release|Any CPU.Build.0 = Release|Any CPU
		{4D415612-52BD-4314-9F0F-3F4A7498075D}.Debug|Any CPU.ActiveCfg = Debug|Any CPU
		{4D415612-52BD-4314-9F0F-3F4A7498075D}.Debug|Any CPU.Build.0 = Debug|Any CPU
		{4D415612-52BD-4314-9F0F-3F4A7498075D}.Release|Any CPU.ActiveCfg = Release|Any CPU
		{4D415612-52BD-4314-9F0F-3F4A7498075D}.Release|Any CPU.Build.0 = Release|Any CPU
		{828BAE93-4135-47A5-BBFE-D8FD02E23CCC}.Debug|Any CPU.ActiveCfg = Debug|Any CPU
		{828BAE93-4135-47A5-BBFE-D8FD02E23CCC}.Debug|Any CPU.Build.0 = Debug|Any CPU
		{828BAE93-4135-47A5-BBFE-D8FD02E23CCC}.Release|Any CPU.ActiveCfg = Release|Any CPU
		{828BAE93-4135-47A5-BBFE-D8FD02E23CCC}.Release|Any CPU.Build.0 = Release|Any CPU
		{CB6BE3D6-872D-4B8A-A434-13589C682E68}.Debug|Any CPU.ActiveCfg = Debug|Any CPU
		{CB6BE3D6-872D-4B8A-A434-13589C682E68}.Debug|Any CPU.Build.0 = Debug|Any CPU
		{CB6BE3D6-872D-4B8A-A434-13589C682E68}.Release|Any CPU.ActiveCfg = Release|Any CPU
		{CB6BE3D6-872D-4B8A-A434-13589C682E68}.Release|Any CPU.Build.0 = Release|Any CPU
		{5BF75D65-EF02-42C6-A6D3-7675EB39DF69}.Debug|Any CPU.ActiveCfg = Debug|Any CPU
		{5BF75D65-EF02-42C6-A6D3-7675EB39DF69}.Debug|Any CPU.Build.0 = Debug|Any CPU
		{5BF75D65-EF02-42C6-A6D3-7675EB39DF69}.Release|Any CPU.ActiveCfg = Release|Any CPU
		{5BF75D65-EF02-42C6-A6D3-7675EB39DF69}.Release|Any CPU.Build.0 = Release|Any CPU
		{6A942CEB-F14F-457E-AF0D-3D7A5443AFE6}.Debug|Any CPU.ActiveCfg = Debug|Any CPU
		{6A942CEB-F14F-457E-AF0D-3D7A5443AFE6}.Debug|Any CPU.Build.0 = Debug|Any CPU
		{6A942CEB-F14F-457E-AF0D-3D7A5443AFE6}.Release|Any CPU.ActiveCfg = Release|Any CPU
		{6A942CEB-F14F-457E-AF0D-3D7A5443AFE6}.Release|Any CPU.Build.0 = Release|Any CPU
		{594A9B5D-917C-4212-9342-319FD78C2721}.Debug|Any CPU.ActiveCfg = Debug|Any CPU
		{594A9B5D-917C-4212-9342-319FD78C2721}.Debug|Any CPU.Build.0 = Debug|Any CPU
		{594A9B5D-917C-4212-9342-319FD78C2721}.Release|Any CPU.ActiveCfg = Release|Any CPU
		{594A9B5D-917C-4212-9342-319FD78C2721}.Release|Any CPU.Build.0 = Release|Any CPU
		{6847F777-1798-438B-A6D0-F3D5C6281CF1}.Debug|Any CPU.ActiveCfg = Debug|Any CPU
		{6847F777-1798-438B-A6D0-F3D5C6281CF1}.Debug|Any CPU.Build.0 = Debug|Any CPU
		{6847F777-1798-438B-A6D0-F3D5C6281CF1}.Release|Any CPU.ActiveCfg = Release|Any CPU
		{6847F777-1798-438B-A6D0-F3D5C6281CF1}.Release|Any CPU.Build.0 = Release|Any CPU
		{30DF1B7B-C5D8-4562-A15A-3555B73B483C}.Debug|Any CPU.ActiveCfg = Debug|Any CPU
		{30DF1B7B-C5D8-4562-A15A-3555B73B483C}.Debug|Any CPU.Build.0 = Debug|Any CPU
		{30DF1B7B-C5D8-4562-A15A-3555B73B483C}.Release|Any CPU.ActiveCfg = Release|Any CPU
		{30DF1B7B-C5D8-4562-A15A-3555B73B483C}.Release|Any CPU.Build.0 = Release|Any CPU
		{ED0C15AE-B29B-4DA1-BAFC-9DB9C823D5B0}.Debug|Any CPU.ActiveCfg = Debug|Any CPU
		{ED0C15AE-B29B-4DA1-BAFC-9DB9C823D5B0}.Debug|Any CPU.Build.0 = Debug|Any CPU
		{ED0C15AE-B29B-4DA1-BAFC-9DB9C823D5B0}.Release|Any CPU.ActiveCfg = Release|Any CPU
		{ED0C15AE-B29B-4DA1-BAFC-9DB9C823D5B0}.Release|Any CPU.Build.0 = Release|Any CPU
		{43A71AF7-394D-4E92-880E-A35347205DEB}.Debug|Any CPU.ActiveCfg = Debug|Any CPU
		{43A71AF7-394D-4E92-880E-A35347205DEB}.Debug|Any CPU.Build.0 = Debug|Any CPU
		{43A71AF7-394D-4E92-880E-A35347205DEB}.Release|Any CPU.ActiveCfg = Release|Any CPU
		{43A71AF7-394D-4E92-880E-A35347205DEB}.Release|Any CPU.Build.0 = Release|Any CPU
		{D43E4812-6D36-402B-8E02-2CE782165B7F}.Debug|Any CPU.ActiveCfg = Debug|Any CPU
		{D43E4812-6D36-402B-8E02-2CE782165B7F}.Debug|Any CPU.Build.0 = Debug|Any CPU
		{D43E4812-6D36-402B-8E02-2CE782165B7F}.Release|Any CPU.ActiveCfg = Release|Any CPU
		{D43E4812-6D36-402B-8E02-2CE782165B7F}.Release|Any CPU.Build.0 = Release|Any CPU
		{9FEE5C38-5DC5-46B7-9860-0B6B001629FB}.Debug|Any CPU.ActiveCfg = Debug|Any CPU
		{9FEE5C38-5DC5-46B7-9860-0B6B001629FB}.Debug|Any CPU.Build.0 = Debug|Any CPU
		{9FEE5C38-5DC5-46B7-9860-0B6B001629FB}.Release|Any CPU.ActiveCfg = Release|Any CPU
		{9FEE5C38-5DC5-46B7-9860-0B6B001629FB}.Release|Any CPU.Build.0 = Release|Any CPU
		{1576FAFA-568B-4C9E-809F-EAAF1480C060}.Debug|Any CPU.ActiveCfg = Debug|Any CPU
		{1576FAFA-568B-4C9E-809F-EAAF1480C060}.Debug|Any CPU.Build.0 = Debug|Any CPU
		{1576FAFA-568B-4C9E-809F-EAAF1480C060}.Release|Any CPU.ActiveCfg = Release|Any CPU
		{1576FAFA-568B-4C9E-809F-EAAF1480C060}.Release|Any CPU.Build.0 = Release|Any CPU
		{37E0F4F7-BD34-464F-9C2D-E3C8FA65B589}.Debug|Any CPU.ActiveCfg = Debug|Any CPU
		{37E0F4F7-BD34-464F-9C2D-E3C8FA65B589}.Debug|Any CPU.Build.0 = Debug|Any CPU
		{37E0F4F7-BD34-464F-9C2D-E3C8FA65B589}.Release|Any CPU.ActiveCfg = Release|Any CPU
		{37E0F4F7-BD34-464F-9C2D-E3C8FA65B589}.Release|Any CPU.Build.0 = Release|Any CPU
		{6AA9710F-CB65-4287-B39E-67E3F3AB18B3}.Debug|Any CPU.ActiveCfg = Debug|Any CPU
		{6AA9710F-CB65-4287-B39E-67E3F3AB18B3}.Debug|Any CPU.Build.0 = Debug|Any CPU
		{6AA9710F-CB65-4287-B39E-67E3F3AB18B3}.Release|Any CPU.ActiveCfg = Release|Any CPU
		{6AA9710F-CB65-4287-B39E-67E3F3AB18B3}.Release|Any CPU.Build.0 = Release|Any CPU
		{368F3B88-369E-407E-A677-6BC954D31FF7}.Debug|Any CPU.ActiveCfg = Debug|Any CPU
		{368F3B88-369E-407E-A677-6BC954D31FF7}.Debug|Any CPU.Build.0 = Debug|Any CPU
		{368F3B88-369E-407E-A677-6BC954D31FF7}.Release|Any CPU.ActiveCfg = Release|Any CPU
		{368F3B88-369E-407E-A677-6BC954D31FF7}.Release|Any CPU.Build.0 = Release|Any CPU
		{D6D18846-0F57-488E-A46C-D7670609E10F}.Debug|Any CPU.ActiveCfg = Debug|Any CPU
		{D6D18846-0F57-488E-A46C-D7670609E10F}.Debug|Any CPU.Build.0 = Debug|Any CPU
		{D6D18846-0F57-488E-A46C-D7670609E10F}.Release|Any CPU.ActiveCfg = Release|Any CPU
		{D6D18846-0F57-488E-A46C-D7670609E10F}.Release|Any CPU.Build.0 = Release|Any CPU
		{92349B84-3C34-42A1-A7CE-62543504B982}.Debug|Any CPU.ActiveCfg = Debug|Any CPU
		{92349B84-3C34-42A1-A7CE-62543504B982}.Debug|Any CPU.Build.0 = Debug|Any CPU
		{92349B84-3C34-42A1-A7CE-62543504B982}.Release|Any CPU.ActiveCfg = Release|Any CPU
		{92349B84-3C34-42A1-A7CE-62543504B982}.Release|Any CPU.Build.0 = Release|Any CPU
		{7DC8AA60-7E17-4023-A9A8-496CD0D072F1}.Debug|Any CPU.ActiveCfg = Debug|Any CPU
		{7DC8AA60-7E17-4023-A9A8-496CD0D072F1}.Debug|Any CPU.Build.0 = Debug|Any CPU
		{7DC8AA60-7E17-4023-A9A8-496CD0D072F1}.Release|Any CPU.ActiveCfg = Release|Any CPU
		{7DC8AA60-7E17-4023-A9A8-496CD0D072F1}.Release|Any CPU.Build.0 = Release|Any CPU
		{678C458D-C0A5-4C8D-BCB6-698C11269446}.Debug|Any CPU.ActiveCfg = Debug|Any CPU
		{678C458D-C0A5-4C8D-BCB6-698C11269446}.Debug|Any CPU.Build.0 = Debug|Any CPU
		{678C458D-C0A5-4C8D-BCB6-698C11269446}.Release|Any CPU.ActiveCfg = Release|Any CPU
		{678C458D-C0A5-4C8D-BCB6-698C11269446}.Release|Any CPU.Build.0 = Release|Any CPU
		{E00F761D-D122-4301-ADA5-1028F3120B57}.Debug|Any CPU.ActiveCfg = Debug|Any CPU
		{E00F761D-D122-4301-ADA5-1028F3120B57}.Debug|Any CPU.Build.0 = Debug|Any CPU
		{E00F761D-D122-4301-ADA5-1028F3120B57}.Release|Any CPU.ActiveCfg = Release|Any CPU
		{E00F761D-D122-4301-ADA5-1028F3120B57}.Release|Any CPU.Build.0 = Release|Any CPU
		{5CC69D74-0899-482E-B3BC-13929973F72D}.Debug|Any CPU.ActiveCfg = Debug|Any CPU
		{5CC69D74-0899-482E-B3BC-13929973F72D}.Debug|Any CPU.Build.0 = Debug|Any CPU
		{5CC69D74-0899-482E-B3BC-13929973F72D}.Release|Any CPU.ActiveCfg = Release|Any CPU
		{5CC69D74-0899-482E-B3BC-13929973F72D}.Release|Any CPU.Build.0 = Release|Any CPU
		{565B3F91-E8B1-4922-BE27-05CA7DAD8815}.Debug|Any CPU.ActiveCfg = Debug|Any CPU
		{565B3F91-E8B1-4922-BE27-05CA7DAD8815}.Debug|Any CPU.Build.0 = Debug|Any CPU
		{565B3F91-E8B1-4922-BE27-05CA7DAD8815}.Release|Any CPU.ActiveCfg = Release|Any CPU
		{565B3F91-E8B1-4922-BE27-05CA7DAD8815}.Release|Any CPU.Build.0 = Release|Any CPU
		{6D6CA6FA-3184-47D3-8574-2AEAC49E3F24}.Debug|Any CPU.ActiveCfg = Debug|Any CPU
		{6D6CA6FA-3184-47D3-8574-2AEAC49E3F24}.Debug|Any CPU.Build.0 = Debug|Any CPU
		{6D6CA6FA-3184-47D3-8574-2AEAC49E3F24}.Release|Any CPU.ActiveCfg = Release|Any CPU
		{6D6CA6FA-3184-47D3-8574-2AEAC49E3F24}.Release|Any CPU.Build.0 = Release|Any CPU
		{E211A4BF-B083-418D-AEB6-DFA833688210}.Debug|Any CPU.ActiveCfg = Debug|Any CPU
		{E211A4BF-B083-418D-AEB6-DFA833688210}.Debug|Any CPU.Build.0 = Debug|Any CPU
		{E211A4BF-B083-418D-AEB6-DFA833688210}.Release|Any CPU.ActiveCfg = Release|Any CPU
		{E211A4BF-B083-418D-AEB6-DFA833688210}.Release|Any CPU.Build.0 = Release|Any CPU
		{0AD7E6B4-F1CA-4BA8-8833-599691267260}.Debug|Any CPU.ActiveCfg = Debug|Any CPU
		{0AD7E6B4-F1CA-4BA8-8833-599691267260}.Debug|Any CPU.Build.0 = Debug|Any CPU
		{0AD7E6B4-F1CA-4BA8-8833-599691267260}.Release|Any CPU.ActiveCfg = Release|Any CPU
		{0AD7E6B4-F1CA-4BA8-8833-599691267260}.Release|Any CPU.Build.0 = Release|Any CPU
		{3891B0B7-27B1-47AE-B6B1-1E40FD82B9C9}.Debug|Any CPU.ActiveCfg = Debug|Any CPU
		{3891B0B7-27B1-47AE-B6B1-1E40FD82B9C9}.Debug|Any CPU.Build.0 = Debug|Any CPU
		{3891B0B7-27B1-47AE-B6B1-1E40FD82B9C9}.Release|Any CPU.ActiveCfg = Release|Any CPU
		{3891B0B7-27B1-47AE-B6B1-1E40FD82B9C9}.Release|Any CPU.Build.0 = Release|Any CPU
		{08986685-C36E-4CF8-AB33-B31824ADC213}.Debug|Any CPU.ActiveCfg = Debug|Any CPU
		{08986685-C36E-4CF8-AB33-B31824ADC213}.Debug|Any CPU.Build.0 = Debug|Any CPU
		{08986685-C36E-4CF8-AB33-B31824ADC213}.Release|Any CPU.ActiveCfg = Release|Any CPU
		{08986685-C36E-4CF8-AB33-B31824ADC213}.Release|Any CPU.Build.0 = Release|Any CPU
		{1687C791-C0B0-4BEB-9B49-EB7241E74377}.Debug|Any CPU.ActiveCfg = Debug|Any CPU
		{1687C791-C0B0-4BEB-9B49-EB7241E74377}.Debug|Any CPU.Build.0 = Debug|Any CPU
		{1687C791-C0B0-4BEB-9B49-EB7241E74377}.Release|Any CPU.ActiveCfg = Release|Any CPU
		{1687C791-C0B0-4BEB-9B49-EB7241E74377}.Release|Any CPU.Build.0 = Release|Any CPU
		{88157EDE-6AB9-4833-9BBA-20AA62E899C3}.Debug|Any CPU.ActiveCfg = Debug|Any CPU
		{88157EDE-6AB9-4833-9BBA-20AA62E899C3}.Debug|Any CPU.Build.0 = Debug|Any CPU
		{88157EDE-6AB9-4833-9BBA-20AA62E899C3}.Release|Any CPU.ActiveCfg = Release|Any CPU
		{88157EDE-6AB9-4833-9BBA-20AA62E899C3}.Release|Any CPU.Build.0 = Release|Any CPU
		{078F8581-BE00-465E-94F7-C3C713A78752}.Debug|Any CPU.ActiveCfg = Debug|Any CPU
		{078F8581-BE00-465E-94F7-C3C713A78752}.Debug|Any CPU.Build.0 = Debug|Any CPU
		{078F8581-BE00-465E-94F7-C3C713A78752}.Release|Any CPU.ActiveCfg = Release|Any CPU
		{078F8581-BE00-465E-94F7-C3C713A78752}.Release|Any CPU.Build.0 = Release|Any CPU
		{11ED1188-5AA1-4A50-8FA9-B6F921497D5F}.Debug|Any CPU.ActiveCfg = Debug|Any CPU
		{11ED1188-5AA1-4A50-8FA9-B6F921497D5F}.Debug|Any CPU.Build.0 = Debug|Any CPU
		{11ED1188-5AA1-4A50-8FA9-B6F921497D5F}.Release|Any CPU.ActiveCfg = Release|Any CPU
		{11ED1188-5AA1-4A50-8FA9-B6F921497D5F}.Release|Any CPU.Build.0 = Release|Any CPU
		{3CE6B608-EB0B-4E59-A5AD-9CC76C3FD8C5}.Debug|Any CPU.ActiveCfg = Debug|Any CPU
		{3CE6B608-EB0B-4E59-A5AD-9CC76C3FD8C5}.Debug|Any CPU.Build.0 = Debug|Any CPU
		{3CE6B608-EB0B-4E59-A5AD-9CC76C3FD8C5}.Release|Any CPU.ActiveCfg = Release|Any CPU
		{3CE6B608-EB0B-4E59-A5AD-9CC76C3FD8C5}.Release|Any CPU.Build.0 = Release|Any CPU
		{D9D1D6F1-915F-4FFC-A75E-46741396496B}.Debug|Any CPU.ActiveCfg = Debug|Any CPU
		{D9D1D6F1-915F-4FFC-A75E-46741396496B}.Debug|Any CPU.Build.0 = Debug|Any CPU
		{D9D1D6F1-915F-4FFC-A75E-46741396496B}.Release|Any CPU.ActiveCfg = Release|Any CPU
		{D9D1D6F1-915F-4FFC-A75E-46741396496B}.Release|Any CPU.Build.0 = Release|Any CPU
		{E3AF16E1-F9F7-4053-8128-36281F422C7B}.Debug|Any CPU.ActiveCfg = Debug|Any CPU
		{E3AF16E1-F9F7-4053-8128-36281F422C7B}.Debug|Any CPU.Build.0 = Debug|Any CPU
		{E3AF16E1-F9F7-4053-8128-36281F422C7B}.Release|Any CPU.ActiveCfg = Release|Any CPU
		{E3AF16E1-F9F7-4053-8128-36281F422C7B}.Release|Any CPU.Build.0 = Release|Any CPU
		{EE4695E6-9F9A-49EB-BCC6-E116762385D5}.Debug|Any CPU.ActiveCfg = Debug|Any CPU
		{EE4695E6-9F9A-49EB-BCC6-E116762385D5}.Debug|Any CPU.Build.0 = Debug|Any CPU
		{EE4695E6-9F9A-49EB-BCC6-E116762385D5}.Release|Any CPU.ActiveCfg = Release|Any CPU
		{EE4695E6-9F9A-49EB-BCC6-E116762385D5}.Release|Any CPU.Build.0 = Release|Any CPU
		{EE39361A-53A0-4B16-BEAE-1A064FA0FB58}.Debug|Any CPU.ActiveCfg = Debug|Any CPU
		{EE39361A-53A0-4B16-BEAE-1A064FA0FB58}.Debug|Any CPU.Build.0 = Debug|Any CPU
		{EE39361A-53A0-4B16-BEAE-1A064FA0FB58}.Release|Any CPU.ActiveCfg = Release|Any CPU
		{EE39361A-53A0-4B16-BEAE-1A064FA0FB58}.Release|Any CPU.Build.0 = Release|Any CPU
		{F764E13E-9DF6-46C5-836B-67BC8B90DBCF}.Debug|Any CPU.ActiveCfg = Debug|Any CPU
		{F764E13E-9DF6-46C5-836B-67BC8B90DBCF}.Debug|Any CPU.Build.0 = Debug|Any CPU
		{F764E13E-9DF6-46C5-836B-67BC8B90DBCF}.Release|Any CPU.ActiveCfg = Release|Any CPU
		{F764E13E-9DF6-46C5-836B-67BC8B90DBCF}.Release|Any CPU.Build.0 = Release|Any CPU
		{368317CC-04C9-4566-A76E-CA87D7510700}.Debug|Any CPU.ActiveCfg = Debug|Any CPU
		{368317CC-04C9-4566-A76E-CA87D7510700}.Debug|Any CPU.Build.0 = Debug|Any CPU
		{368317CC-04C9-4566-A76E-CA87D7510700}.Release|Any CPU.ActiveCfg = Release|Any CPU
		{368317CC-04C9-4566-A76E-CA87D7510700}.Release|Any CPU.Build.0 = Release|Any CPU
		{315822AE-086B-4D72-9861-9E6D2C78C4B3}.Debug|Any CPU.ActiveCfg = Debug|Any CPU
		{315822AE-086B-4D72-9861-9E6D2C78C4B3}.Debug|Any CPU.Build.0 = Debug|Any CPU
		{315822AE-086B-4D72-9861-9E6D2C78C4B3}.Release|Any CPU.ActiveCfg = Release|Any CPU
		{315822AE-086B-4D72-9861-9E6D2C78C4B3}.Release|Any CPU.Build.0 = Release|Any CPU
		{0F9E0ABF-E8B3-492D-AD6B-706F166B48A2}.Debug|Any CPU.ActiveCfg = Debug|Any CPU
		{0F9E0ABF-E8B3-492D-AD6B-706F166B48A2}.Debug|Any CPU.Build.0 = Debug|Any CPU
		{0F9E0ABF-E8B3-492D-AD6B-706F166B48A2}.Release|Any CPU.ActiveCfg = Release|Any CPU
		{0F9E0ABF-E8B3-492D-AD6B-706F166B48A2}.Release|Any CPU.Build.0 = Release|Any CPU
	EndGlobalSection
	GlobalSection(SolutionProperties) = preSolution
		HideSolutionNode = FALSE
	EndGlobalSection
	GlobalSection(NestedProjects) = preSolution
		{FCADC447-D5FB-41F3-9DE2-C9D97259A6F7} = {80155CF9-F429-4110-9748-EC85E0C8FD0E}
		{7B47AF50-8676-4FB7-B06C-F0421DF020EC} = {80155CF9-F429-4110-9748-EC85E0C8FD0E}
		{2CA2C262-CF12-48B9-A37D-76060D212F0C} = {80155CF9-F429-4110-9748-EC85E0C8FD0E}
		{C3C617E7-C48A-4685-9722-2B7DFBDB133C} = {80155CF9-F429-4110-9748-EC85E0C8FD0E}
		{C1953226-B662-4BDB-B775-A82C8D9DB6C3} = {80155CF9-F429-4110-9748-EC85E0C8FD0E}
		{BAFFDCCE-9F20-4970-8447-E5CA968EAE87} = {80155CF9-F429-4110-9748-EC85E0C8FD0E}
		{800FECE3-F53C-43A7-A673-39176A2E8AA7} = {80155CF9-F429-4110-9748-EC85E0C8FD0E}
		{07C9CC3A-9863-4679-B2A4-82763D96E3A2} = {80155CF9-F429-4110-9748-EC85E0C8FD0E}
		{001A7A8F-B5DF-4302-8C80-9EBB1308744D} = {80155CF9-F429-4110-9748-EC85E0C8FD0E}
		{7EB16CE9-154A-48E9-98ED-3756F25AFED1} = {80155CF9-F429-4110-9748-EC85E0C8FD0E}
		{B6F8C541-722C-4EAE-9FB9-2D28A670940E} = {80155CF9-F429-4110-9748-EC85E0C8FD0E}
		{4D415612-52BD-4314-9F0F-3F4A7498075D} = {80155CF9-F429-4110-9748-EC85E0C8FD0E}
		{828BAE93-4135-47A5-BBFE-D8FD02E23CCC} = {80155CF9-F429-4110-9748-EC85E0C8FD0E}
		{CB6BE3D6-872D-4B8A-A434-13589C682E68} = {80155CF9-F429-4110-9748-EC85E0C8FD0E}
		{6A942CEB-F14F-457E-AF0D-3D7A5443AFE6} = {80155CF9-F429-4110-9748-EC85E0C8FD0E}
		{6847F777-1798-438B-A6D0-F3D5C6281CF1} = {80155CF9-F429-4110-9748-EC85E0C8FD0E}
		{ED0C15AE-B29B-4DA1-BAFC-9DB9C823D5B0} = {80155CF9-F429-4110-9748-EC85E0C8FD0E}
		{D43E4812-6D36-402B-8E02-2CE782165B7F} = {80155CF9-F429-4110-9748-EC85E0C8FD0E}
		{9FEE5C38-5DC5-46B7-9860-0B6B001629FB} = {80155CF9-F429-4110-9748-EC85E0C8FD0E}
		{6AA9710F-CB65-4287-B39E-67E3F3AB18B3} = {80155CF9-F429-4110-9748-EC85E0C8FD0E}
		{368F3B88-369E-407E-A677-6BC954D31FF7} = {80155CF9-F429-4110-9748-EC85E0C8FD0E}
		{D6D18846-0F57-488E-A46C-D7670609E10F} = {80155CF9-F429-4110-9748-EC85E0C8FD0E}
		{7DC8AA60-7E17-4023-A9A8-496CD0D072F1} = {80155CF9-F429-4110-9748-EC85E0C8FD0E}
		{E00F761D-D122-4301-ADA5-1028F3120B57} = {80155CF9-F429-4110-9748-EC85E0C8FD0E}
		{5CC69D74-0899-482E-B3BC-13929973F72D} = {80155CF9-F429-4110-9748-EC85E0C8FD0E}
		{6D6CA6FA-3184-47D3-8574-2AEAC49E3F24} = {80155CF9-F429-4110-9748-EC85E0C8FD0E}
		{E211A4BF-B083-418D-AEB6-DFA833688210} = {80155CF9-F429-4110-9748-EC85E0C8FD0E}
		{0AD7E6B4-F1CA-4BA8-8833-599691267260} = {80155CF9-F429-4110-9748-EC85E0C8FD0E}
		{08986685-C36E-4CF8-AB33-B31824ADC213} = {80155CF9-F429-4110-9748-EC85E0C8FD0E}
		{88157EDE-6AB9-4833-9BBA-20AA62E899C3} = {80155CF9-F429-4110-9748-EC85E0C8FD0E}
		{11ED1188-5AA1-4A50-8FA9-B6F921497D5F} = {80155CF9-F429-4110-9748-EC85E0C8FD0E}
		{D9D1D6F1-915F-4FFC-A75E-46741396496B} = {80155CF9-F429-4110-9748-EC85E0C8FD0E}
		{EE4695E6-9F9A-49EB-BCC6-E116762385D5} = {80155CF9-F429-4110-9748-EC85E0C8FD0E}
		{F764E13E-9DF6-46C5-836B-67BC8B90DBCF} = {80155CF9-F429-4110-9748-EC85E0C8FD0E}
		{0F9E0ABF-E8B3-492D-AD6B-706F166B48A2} = {80155CF9-F429-4110-9748-EC85E0C8FD0E}
	EndGlobalSection
	GlobalSection(TeamFoundationVersionControl) = preSolution
		SccNumberOfProjects = 61
		SccEnterpriseProvider = {4CA58AB2-18FA-4F8D-95D4-32DDF27D184C}
		SccTeamFoundationServer = https://tfs.codeplex.com/tfs/tfs02
		SccProjectUniqueName0 = cache\\cache.vbproj
		SccProjectName0 = cache
		SccAuxPath0 = https://tfs.codeplex.com/tfs/tfs02
		SccLocalPath0 = cache
		SccProvider0 = {4CA58AB2-18FA-4F8D-95D4-32DDF27D184C}
		SccProjectUniqueName1 = convertor\\convertor.vbproj
		SccProjectName1 = convertor
		SccAuxPath1 = https://tfs.codeplex.com/tfs/tfs02
		SccLocalPath1 = convertor
		SccProvider1 = {4CA58AB2-18FA-4F8D-95D4-32DDF27D184C}
		SccProjectUniqueName2 = dataprovider\\dataprovider.vbproj
		SccProjectName2 = dataprovider
		SccAuxPath2 = https://tfs.codeplex.com/tfs/tfs02
		SccLocalPath2 = dataprovider
		SccProvider2 = {4CA58AB2-18FA-4F8D-95D4-32DDF27D184C}
		SccProjectUniqueName3 = configuration\\configuration.vbproj
		SccProjectName3 = configuration
		SccAuxPath3 = https://tfs.codeplex.com/tfs/tfs02
		SccLocalPath3 = configuration
		SccProvider3 = {4CA58AB2-18FA-4F8D-95D4-32DDF27D184C}
		SccProjectUniqueName4 = automata\\automata.vbproj
		SccProjectName4 = automata
		SccAuxPath4 = https://tfs.codeplex.com/tfs/tfs02
		SccLocalPath4 = automata
		SccProvider4 = {4CA58AB2-18FA-4F8D-95D4-32DDF27D184C}
		SccProjectUniqueName5 = resource\\resource.vbproj
		SccProjectName5 = resource
		SccAuxPath5 = https://tfs.codeplex.com/tfs/tfs02
		SccLocalPath5 = resource
		SccProvider5 = {4CA58AB2-18FA-4F8D-95D4-32DDF27D184C}
		SccProjectUniqueName6 = math\\math.vbproj
		SccProjectName6 = math
		SccAuxPath6 = https://tfs.codeplex.com/tfs/tfs02
		SccLocalPath6 = math
		SccProvider6 = {4CA58AB2-18FA-4F8D-95D4-32DDF27D184C}
		SccProjectUniqueName7 = tests\\dataprovider\\dataprovider.vbproj
		SccProjectTopLevelParentUniqueName7 = service.sln
		SccProjectName7 = tests/dataprovider
		SccAuxPath7 = https://tfs.codeplex.com/tfs/tfs02
		SccLocalPath7 = tests\\dataprovider
		SccProvider7 = {4CA58AB2-18FA-4F8D-95D4-32DDF27D184C}
		SccProjectUniqueName8 = tests\\cache\\cache.vbproj
		SccProjectTopLevelParentUniqueName8 = service.sln
		SccProjectName8 = tests/cache
		SccAuxPath8 = https://tfs.codeplex.com/tfs/tfs02
		SccLocalPath8 = tests\\cache
		SccProvider8 = {4CA58AB2-18FA-4F8D-95D4-32DDF27D184C}
		SccProjectUniqueName9 = argument\\argument.vbproj
		SccProjectName9 = argument
		SccAuxPath9 = https://tfs.codeplex.com/tfs/tfs02
		SccLocalPath9 = argument
		SccProvider9 = {4CA58AB2-18FA-4F8D-95D4-32DDF27D184C}
		SccProjectUniqueName10 = transmitter\\transmitter.vbproj
		SccProjectName10 = transmitter
		SccAuxPath10 = https://tfs.codeplex.com/tfs/tfs02
		SccLocalPath10 = transmitter
		SccProvider10 = {4CA58AB2-18FA-4F8D-95D4-32DDF27D184C}
		SccProjectUniqueName11 = selector\\selector.vbproj
		SccProjectName11 = selector
		SccAuxPath11 = https://tfs.codeplex.com/tfs/tfs02
		SccLocalPath11 = selector
		SccProvider11 = {4CA58AB2-18FA-4F8D-95D4-32DDF27D184C}
		SccProjectUniqueName12 = device\\device.vbproj
		SccProjectName12 = device
		SccAuxPath12 = https://tfs.codeplex.com/tfs/tfs02
		SccLocalPath12 = device
		SccProvider12 = {4CA58AB2-18FA-4F8D-95D4-32DDF27D184C}
		SccProjectUniqueName13 = secure\\secure.vbproj
		SccProjectName13 = secure
		SccAuxPath13 = https://tfs.codeplex.com/tfs/tfs02
		SccLocalPath13 = secure
		SccProvider13 = {4CA58AB2-18FA-4F8D-95D4-32DDF27D184C}
		SccProjectUniqueName14 = commander\\commander.vbproj
		SccProjectName14 = commander
		SccAuxPath14 = https://tfs.codeplex.com/tfs/tfs02
		SccLocalPath14 = commander
		SccProvider14 = {4CA58AB2-18FA-4F8D-95D4-32DDF27D184C}
		SccProjectUniqueName15 = http\\http.vbproj
		SccProjectName15 = http
		SccAuxPath15 = https://tfs.codeplex.com/tfs/tfs02
		SccLocalPath15 = http
		SccProvider15 = {4CA58AB2-18FA-4F8D-95D4-32DDF27D184C}
		SccProjectUniqueName16 = tests\\http\\http.vbproj
		SccProjectTopLevelParentUniqueName16 = service.sln
		SccProjectName16 = tests/http
		SccAuxPath16 = https://tfs.codeplex.com/tfs/tfs02
		SccLocalPath16 = tests\\http
		SccProvider16 = {4CA58AB2-18FA-4F8D-95D4-32DDF27D184C}
		SccProjectUniqueName17 = tests\\configuration\\configuration.vbproj
		SccProjectTopLevelParentUniqueName17 = service.sln
		SccProjectName17 = tests/configuration
		SccAuxPath17 = https://tfs.codeplex.com/tfs/tfs02
		SccLocalPath17 = tests\\configuration
		SccProvider17 = {4CA58AB2-18FA-4F8D-95D4-32DDF27D184C}
		SccProjectUniqueName18 = protector\\protector.vbproj
		SccProjectName18 = protector
		SccAuxPath18 = https://tfs.codeplex.com/tfs/tfs02
		SccLocalPath18 = protector
		SccProvider18 = {4CA58AB2-18FA-4F8D-95D4-32DDF27D184C}
		SccProjectUniqueName19 = dns\\dns.vbproj
		SccProjectName19 = dns
		SccAuxPath19 = https://tfs.codeplex.com/tfs/tfs02
		SccLocalPath19 = dns
		SccProvider19 = {4CA58AB2-18FA-4F8D-95D4-32DDF27D184C}
		SccProjectUniqueName20 = tcp\\tcp.vbproj
		SccProjectName20 = tcp
		SccAuxPath20 = https://tfs.codeplex.com/tfs/tfs02
		SccLocalPath20 = tcp
		SccProvider20 = {4CA58AB2-18FA-4F8D-95D4-32DDF27D184C}
		SccProjectUniqueName21 = tests\\tcp\\tcp.vbproj
		SccProjectTopLevelParentUniqueName21 = service.sln
		SccProjectName21 = tests/tcp
		SccAuxPath21 = https://tfs.codeplex.com/tfs/tfs02
		SccLocalPath21 = tests\\tcp
		SccProvider21 = {4CA58AB2-18FA-4F8D-95D4-32DDF27D184C}
		SccProjectUniqueName22 = sharedtransmitter\\sharedtransmitter.vbproj
		SccProjectName22 = sharedtransmitter
		SccAuxPath22 = https://tfs.codeplex.com/tfs/tfs02
		SccLocalPath22 = sharedtransmitter
		SccProvider22 = {4CA58AB2-18FA-4F8D-95D4-32DDF27D184C}
		SccProjectUniqueName23 = udp\\udp.vbproj
		SccProjectName23 = udp
		SccAuxPath23 = https://tfs.codeplex.com/tfs/tfs02
		SccLocalPath23 = udp
		SccProvider23 = {4CA58AB2-18FA-4F8D-95D4-32DDF27D184C}
		SccProjectUniqueName24 = storage\\storage.vbproj
		SccProjectName24 = storage
		SccAuxPath24 = https://tfs.codeplex.com/tfs/tfs02
		SccLocalPath24 = storage
		SccProvider24 = {4CA58AB2-18FA-4F8D-95D4-32DDF27D184C}
		SccProjectUniqueName25 = tests\\convertor\\convertor.vbproj
		SccProjectTopLevelParentUniqueName25 = service.sln
		SccProjectName25 = tests/convertor
		SccAuxPath25 = https://tfs.codeplex.com/tfs/tfs02
		SccLocalPath25 = tests\\convertor
		SccProvider25 = {4CA58AB2-18FA-4F8D-95D4-32DDF27D184C}
		SccProjectUniqueName26 = tests\\device\\device.vbproj
		SccProjectTopLevelParentUniqueName26 = service.sln
		SccProjectName26 = tests/device
		SccAuxPath26 = https://tfs.codeplex.com/tfs/tfs02
		SccLocalPath26 = tests\\device
		SccProvider26 = {4CA58AB2-18FA-4F8D-95D4-32DDF27D184C}
		SccProjectUniqueName27 = tests\\transmitter\\transmitter.vbproj
		SccProjectTopLevelParentUniqueName27 = service.sln
		SccProjectName27 = tests/transmitter
		SccAuxPath27 = https://tfs.codeplex.com/tfs/tfs02
		SccLocalPath27 = tests\\transmitter
		SccProvider27 = {4CA58AB2-18FA-4F8D-95D4-32DDF27D184C}
		SccProjectUniqueName28 = tests\\commander\\commander.vbproj
		SccProjectTopLevelParentUniqueName28 = service.sln
		SccProjectName28 = tests/commander
		SccAuxPath28 = https://tfs.codeplex.com/tfs/tfs02
		SccLocalPath28 = tests\\commander
		SccProvider28 = {4CA58AB2-18FA-4F8D-95D4-32DDF27D184C}
		SccProjectUniqueName29 = streamer\\streamer.vbproj
		SccProjectName29 = streamer
		SccAuxPath29 = https://tfs.codeplex.com/tfs/tfs02
		SccLocalPath29 = streamer
		SccProvider29 = {4CA58AB2-18FA-4F8D-95D4-32DDF27D184C}
		SccProjectUniqueName30 = tests\\storage\\storage.vbproj
		SccProjectTopLevelParentUniqueName30 = service.sln
		SccProjectName30 = tests/storage
		SccAuxPath30 = https://tfs.codeplex.com/tfs/tfs02
		SccLocalPath30 = tests\\storage
		SccProvider30 = {4CA58AB2-18FA-4F8D-95D4-32DDF27D184C}
		SccProjectUniqueName31 = tests\\selector\\selector.vbproj
		SccProjectTopLevelParentUniqueName31 = service.sln
		SccProjectName31 = tests/selector
		SccAuxPath31 = https://tfs.codeplex.com/tfs/tfs02
		SccLocalPath31 = tests\\selector
		SccProvider31 = {4CA58AB2-18FA-4F8D-95D4-32DDF27D184C}
		SccProjectUniqueName32 = xml\\xml.vbproj
		SccProjectName32 = xml
		SccAuxPath32 = https://tfs.codeplex.com/tfs/tfs02
		SccLocalPath32 = xml
		SccProvider32 = {4CA58AB2-18FA-4F8D-95D4-32DDF27D184C}
		SccProjectUniqueName33 = tests\\xml\\xml.vbproj
		SccProjectTopLevelParentUniqueName33 = service.sln
		SccProjectName33 = tests/xml
		SccAuxPath33 = https://tfs.codeplex.com/tfs/tfs02
		SccLocalPath33 = tests\\xml
		SccProvider33 = {4CA58AB2-18FA-4F8D-95D4-32DDF27D184C}
		SccProjectUniqueName34 = tests\\argument\\argument.vbproj
		SccProjectTopLevelParentUniqueName34 = service.sln
		SccProjectName34 = tests/argument
		SccAuxPath34 = https://tfs.codeplex.com/tfs/tfs02
		SccLocalPath34 = tests\\argument
		SccProvider34 = {4CA58AB2-18FA-4F8D-95D4-32DDF27D184C}
		SccProjectUniqueName35 = iosys\\iosys.vbproj
		SccProjectName35 = iosys
		SccAuxPath35 = https://tfs.codeplex.com/tfs/tfs02
		SccLocalPath35 = iosys
		SccProvider35 = {4CA58AB2-18FA-4F8D-95D4-32DDF27D184C}
		SccProjectUniqueName36 = input\\input.vbproj
		SccProjectName36 = input
		SccAuxPath36 = https://tfs.codeplex.com/tfs/tfs02
		SccLocalPath36 = input
		SccProvider36 = {4CA58AB2-18FA-4F8D-95D4-32DDF27D184C}
		SccProjectUniqueName37 = output\\output.vbproj
		SccProjectName37 = output
		SccAuxPath37 = https://tfs.codeplex.com/tfs/tfs02
		SccLocalPath37 = output
		SccProvider37 = {4CA58AB2-18FA-4F8D-95D4-32DDF27D184C}
		SccProjectUniqueName38 = tests\\iosys\\iosys.vbproj
		SccProjectTopLevelParentUniqueName38 = service.sln
		SccProjectName38 = tests/iosys
		SccAuxPath38 = https://tfs.codeplex.com/tfs/tfs02
		SccLocalPath38 = tests\\iosys
		SccProvider38 = {4CA58AB2-18FA-4F8D-95D4-32DDF27D184C}
		SccProjectUniqueName39 = tests\\input\\input.vbproj
		SccProjectTopLevelParentUniqueName39 = service.sln
		SccProjectName39 = tests/input
		SccAuxPath39 = https://tfs.codeplex.com/tfs/tfs02
		SccLocalPath39 = tests\\input
		SccProvider39 = {4CA58AB2-18FA-4F8D-95D4-32DDF27D184C}
		SccProjectUniqueName40 = tests\\output\\output.vbproj
		SccProjectTopLevelParentUniqueName40 = service.sln
		SccProjectName40 = tests/output
		SccAuxPath40 = https://tfs.codeplex.com/tfs/tfs02
		SccLocalPath40 = tests\\output
		SccProvider40 = {4CA58AB2-18FA-4F8D-95D4-32DDF27D184C}
		SccProjectUniqueName41 = tests\\math\\math.vbproj
		SccProjectTopLevelParentUniqueName41 = service.sln
		SccProjectName41 = tests/math
		SccAuxPath41 = https://tfs.codeplex.com/tfs/tfs02
		SccLocalPath41 = tests\\math
		SccProvider41 = {4CA58AB2-18FA-4F8D-95D4-32DDF27D184C}
		SccProjectUniqueName42 = tests\\automata\\automata.vbproj
		SccProjectTopLevelParentUniqueName42 = service.sln
		SccProjectName42 = tests/automata
		SccAuxPath42 = https://tfs.codeplex.com/tfs/tfs02
		SccLocalPath42 = tests\\automata
		SccProvider42 = {4CA58AB2-18FA-4F8D-95D4-32DDF27D184C}
		SccProjectUniqueName43 = tests\\ucmath\\ucmath.vbproj
		SccProjectTopLevelParentUniqueName43 = service.sln
		SccProjectName43 = tests/ucmath
		SccAuxPath43 = https://tfs.codeplex.com/tfs/tfs02
		SccLocalPath43 = tests\\ucmath
		SccProvider43 = {4CA58AB2-18FA-4F8D-95D4-32DDF27D184C}
		SccProjectUniqueName44 = interpreter\\interpreter.vbproj
		SccProjectName44 = interpreter
		SccAuxPath44 = https://tfs.codeplex.com/tfs/tfs02
		SccLocalPath44 = interpreter
		SccProvider44 = {4CA58AB2-18FA-4F8D-95D4-32DDF27D184C}
		SccProjectUniqueName45 = tests\\interpreter\\interpreter.vbproj
		SccProjectTopLevelParentUniqueName45 = service.sln
		SccProjectName45 = tests/interpreter
		SccAuxPath45 = https://tfs.codeplex.com/tfs/tfs02
		SccLocalPath45 = tests\\interpreter
		SccProvider45 = {4CA58AB2-18FA-4F8D-95D4-32DDF27D184C}
		SccProjectUniqueName46 = tests\\resource\\resource.vbproj
		SccProjectTopLevelParentUniqueName46 = service.sln
		SccProjectName46 = tests/resource
		SccAuxPath46 = https://tfs.codeplex.com/tfs/tfs02
		SccLocalPath46 = tests\\resource
		SccProvider46 = {4CA58AB2-18FA-4F8D-95D4-32DDF27D184C}
		SccProjectUniqueName47 = zip\\zip.vbproj
		SccProjectName47 = zip
		SccAuxPath47 = https://tfs.codeplex.com/tfs/tfs02
		SccLocalPath47 = zip
		SccProvider47 = {4CA58AB2-18FA-4F8D-95D4-32DDF27D184C}
		SccProjectUniqueName48 = tests\\secure\\secure.vbproj
		SccProjectTopLevelParentUniqueName48 = service.sln
		SccProjectName48 = tests/secure
		SccAuxPath48 = https://tfs.codeplex.com/tfs/tfs02
		SccLocalPath48 = tests\\secure
		SccProvider48 = {4CA58AB2-18FA-4F8D-95D4-32DDF27D184C}
		SccProjectUniqueName49 = tests\\zip\\zip.vbproj
		SccProjectTopLevelParentUniqueName49 = service.sln
		SccProjectName49 = tests/zip
		SccAuxPath49 = https://tfs.codeplex.com/tfs/tfs02
		SccLocalPath49 = tests\\zip
		SccProvider49 = {4CA58AB2-18FA-4F8D-95D4-32DDF27D184C}
		SccProjectUniqueName50 = tests\\streamer\\streamer.vbproj
		SccProjectTopLevelParentUniqueName50 = service.sln
		SccProjectName50 = tests/streamer
		SccAuxPath50 = https://tfs.codeplex.com/tfs/tfs02
		SccLocalPath50 = tests\\streamer
		SccProvider50 = {4CA58AB2-18FA-4F8D-95D4-32DDF27D184C}
		SccProjectUniqueName51 = channel\\channel.vbproj
		SccProjectName51 = channel
		SccAuxPath51 = https://tfs.codeplex.com/tfs/tfs02
		SccLocalPath51 = channel
		SccProvider51 = {4CA58AB2-18FA-4F8D-95D4-32DDF27D184C}
		SccProjectUniqueName52 = tests\\channel\\channel.vbproj
		SccProjectTopLevelParentUniqueName52 = service.sln
		SccProjectName52 = tests/channel
		SccAuxPath52 = https://tfs.codeplex.com/tfs/tfs02
		SccLocalPath52 = tests\\channel
		SccProvider52 = {4CA58AB2-18FA-4F8D-95D4-32DDF27D184C}
		SccProjectUniqueName53 = tests\\service\\service.vbproj
		SccProjectTopLevelParentUniqueName53 = service.sln
		SccProjectName53 = tests/service
		SccAuxPath53 = https://tfs.codeplex.com/tfs/tfs02
		SccLocalPath53 = tests\\service
		SccProvider53 = {4CA58AB2-18FA-4F8D-95D4-32DDF27D184C}
		SccProjectUniqueName54 = compiler\\compiler.vbproj
		SccProjectName54 = compiler
		SccAuxPath54 = https://tfs.codeplex.com/tfs/tfs02
		SccLocalPath54 = compiler
		SccProvider54 = {4CA58AB2-18FA-4F8D-95D4-32DDF27D184C}
		SccProjectUniqueName55 = tests\\compiler\\compiler.vbproj
		SccProjectTopLevelParentUniqueName55 = service.sln
		SccProjectName55 = tests/compiler
		SccAuxPath55 = https://tfs.codeplex.com/tfs/tfs02
		SccLocalPath55 = tests\\compiler
		SccProvider55 = {4CA58AB2-18FA-4F8D-95D4-32DDF27D184C}
		SccProjectUniqueName56 = tests\\udp\\udp.vbproj
		SccProjectTopLevelParentUniqueName56 = service.sln
		SccProjectName56 = tests/udp
		SccAuxPath56 = https://tfs.codeplex.com/tfs/tfs02
		SccLocalPath56 = tests\\udp
		SccProvider56 = {4CA58AB2-18FA-4F8D-95D4-32DDF27D184C}
		SccProjectUniqueName57 = tests\\dns\\dns.vbproj
		SccProjectTopLevelParentUniqueName57 = service.sln
		SccProjectName57 = tests/dns
		SccAuxPath57 = https://tfs.codeplex.com/tfs/tfs02
		SccLocalPath57 = tests\\dns
		SccProvider57 = {4CA58AB2-18FA-4F8D-95D4-32DDF27D184C}
		SccProjectUniqueName58 = webstorage\\webstorage.vbproj
		SccProjectName58 = webstorage
		SccAuxPath58 = https://tfs.codeplex.com/tfs/tfs02
		SccLocalPath58 = webstorage
		SccProvider58 = {4CA58AB2-18FA-4F8D-95D4-32DDF27D184C}
		SccProjectUniqueName59 = tests\\webstorage\\webstorage.vbproj
		SccProjectTopLevelParentUniqueName59 = service.sln
		SccProjectName59 = tests/webstorage
		SccAuxPath59 = https://tfs.codeplex.com/tfs/tfs02
		SccLocalPath59 = tests\\webstorage
		SccProvider59 = {4CA58AB2-18FA-4F8D-95D4-32DDF27D184C}
		SccProjectUniqueName60 = tests\\sharedtransmitter\\sharedtransmitter.vbproj
		SccProjectTopLevelParentUniqueName60 = service.sln
		SccProjectName60 = tests/sharedtransmitter
		SccAuxPath60 = https://tfs.codeplex.com/tfs/tfs02
		SccLocalPath60 = tests\\sharedtransmitter
		SccProvider60 = {4CA58AB2-18FA-4F8D-95D4-32DDF27D184C}
	EndGlobalSection
EndGlobal
