
Microsoft Visual Studio Solution File, Format Version 12.00
# Visual Studio 14
VisualStudioVersion = 14.0.25420.1
MinimumVisualStudioVersion = 10.0.40219.1
Project("{F184B08F-C81C-45F6-A57F-5ABD9991F28F}") = "test_http_server", "test_http_server\test_http_server.vbproj", "{674CF483-3BD9-412E-BD9C-4316938EC99B}"
EndProject
Project("{F184B08F-C81C-45F6-A57F-5ABD9991F28F}") = "http_proxy", "http_proxy\http_proxy.vbproj", "{1760BA4D-F717-4CB5-ADFB-04C076605467}"
EndProject
Project("{F184B08F-C81C-45F6-A57F-5ABD9991F28F}") = "fake_http_request", "fake_http_request\fake_http_request.vbproj", "{04139B44-2FE6-48B8-B89B-585585061F9C}"
EndProject
Project("{F184B08F-C81C-45F6-A57F-5ABD9991F28F}") = "tcp_bridge", "tcp_bridge\tcp_bridge.vbproj", "{C848C1AB-7539-48F1-BBC8-C9CD8F464F6D}"
EndProject
Project("{F184B08F-C81C-45F6-A57F-5ABD9991F28F}") = "tcp_pair", "tcp_pair\tcp_pair.vbproj", "{43F04EF5-31F9-4854-8318-9D23F2E95562}"
EndProject
Project("{F184B08F-C81C-45F6-A57F-5ABD9991F28F}") = "sider", "sider\sider.vbproj", "{AFE9A262-BBA8-47F4-9832-FD38042DF54D}"
EndProject
Project("{F184B08F-C81C-45F6-A57F-5ABD9991F28F}") = "utt_diff", "utt_diff\utt_diff.vbproj", "{D1544B50-E0F1-4862-938C-3C38BDCB3F99}"
EndProject
Project("{F184B08F-C81C-45F6-A57F-5ABD9991F28F}") = "big_uint_calculator", "big_uint_calculator\big_uint_calculator.vbproj", "{5C464243-D70A-4ACD-99A0-C0C2BB476D3A}"
EndProject
Project("{F184B08F-C81C-45F6-A57F-5ABD9991F28F}") = "big_int_calculator", "big_int_calculator\big_int_calculator.vbproj", "{5EB85EA4-4BA0-48D1-A268-B004E1C4C554}"
EndProject
Project("{F184B08F-C81C-45F6-A57F-5ABD9991F28F}") = "remote_console", "remote_console\remote_console.vbproj", "{D565B0A8-E74C-4886-8247-361B94A51651}"
EndProject
Project("{F184B08F-C81C-45F6-A57F-5ABD9991F28F}") = "b2style", "b2style\b2style.vbproj", "{841A7283-D2AC-4855-B47A-7A6CFEC0789B}"
EndProject
Project("{F184B08F-C81C-45F6-A57F-5ABD9991F28F}") = "primitive", "primitive\primitive.vbproj", "{C7DAF7DE-89F7-4D8F-A7DE-5BD75EAB5E35}"
EndProject
Project("{F184B08F-C81C-45F6-A57F-5ABD9991F28F}") = "b2stylec", "b2stylec\b2stylec.vbproj", "{463676E3-F83B-41AD-8928-1B0F18E72A15}"
EndProject
Global
	GlobalSection(SolutionConfigurationPlatforms) = preSolution
		Debug|Any CPU = Debug|Any CPU
		Release|Any CPU = Release|Any CPU
	EndGlobalSection
	GlobalSection(ProjectConfigurationPlatforms) = postSolution
		{674CF483-3BD9-412E-BD9C-4316938EC99B}.Debug|Any CPU.ActiveCfg = Debug|Any CPU
		{674CF483-3BD9-412E-BD9C-4316938EC99B}.Debug|Any CPU.Build.0 = Debug|Any CPU
		{674CF483-3BD9-412E-BD9C-4316938EC99B}.Release|Any CPU.ActiveCfg = Release|Any CPU
		{674CF483-3BD9-412E-BD9C-4316938EC99B}.Release|Any CPU.Build.0 = Release|Any CPU
		{1760BA4D-F717-4CB5-ADFB-04C076605467}.Debug|Any CPU.ActiveCfg = Debug|Any CPU
		{1760BA4D-F717-4CB5-ADFB-04C076605467}.Debug|Any CPU.Build.0 = Debug|Any CPU
		{1760BA4D-F717-4CB5-ADFB-04C076605467}.Release|Any CPU.ActiveCfg = Release|Any CPU
		{1760BA4D-F717-4CB5-ADFB-04C076605467}.Release|Any CPU.Build.0 = Release|Any CPU
		{04139B44-2FE6-48B8-B89B-585585061F9C}.Debug|Any CPU.ActiveCfg = Debug|Any CPU
		{04139B44-2FE6-48B8-B89B-585585061F9C}.Debug|Any CPU.Build.0 = Debug|Any CPU
		{04139B44-2FE6-48B8-B89B-585585061F9C}.Release|Any CPU.ActiveCfg = Release|Any CPU
		{04139B44-2FE6-48B8-B89B-585585061F9C}.Release|Any CPU.Build.0 = Release|Any CPU
		{C848C1AB-7539-48F1-BBC8-C9CD8F464F6D}.Debug|Any CPU.ActiveCfg = Debug|Any CPU
		{C848C1AB-7539-48F1-BBC8-C9CD8F464F6D}.Debug|Any CPU.Build.0 = Debug|Any CPU
		{C848C1AB-7539-48F1-BBC8-C9CD8F464F6D}.Release|Any CPU.ActiveCfg = Release|Any CPU
		{C848C1AB-7539-48F1-BBC8-C9CD8F464F6D}.Release|Any CPU.Build.0 = Release|Any CPU
		{43F04EF5-31F9-4854-8318-9D23F2E95562}.Debug|Any CPU.ActiveCfg = Debug|Any CPU
		{43F04EF5-31F9-4854-8318-9D23F2E95562}.Debug|Any CPU.Build.0 = Debug|Any CPU
		{43F04EF5-31F9-4854-8318-9D23F2E95562}.Release|Any CPU.ActiveCfg = Release|Any CPU
		{43F04EF5-31F9-4854-8318-9D23F2E95562}.Release|Any CPU.Build.0 = Release|Any CPU
		{AFE9A262-BBA8-47F4-9832-FD38042DF54D}.Debug|Any CPU.ActiveCfg = Debug|Any CPU
		{AFE9A262-BBA8-47F4-9832-FD38042DF54D}.Debug|Any CPU.Build.0 = Debug|Any CPU
		{AFE9A262-BBA8-47F4-9832-FD38042DF54D}.Release|Any CPU.ActiveCfg = Release|Any CPU
		{AFE9A262-BBA8-47F4-9832-FD38042DF54D}.Release|Any CPU.Build.0 = Release|Any CPU
		{D1544B50-E0F1-4862-938C-3C38BDCB3F99}.Debug|Any CPU.ActiveCfg = Debug|Any CPU
		{D1544B50-E0F1-4862-938C-3C38BDCB3F99}.Debug|Any CPU.Build.0 = Debug|Any CPU
		{D1544B50-E0F1-4862-938C-3C38BDCB3F99}.Release|Any CPU.ActiveCfg = Release|Any CPU
		{D1544B50-E0F1-4862-938C-3C38BDCB3F99}.Release|Any CPU.Build.0 = Release|Any CPU
		{5C464243-D70A-4ACD-99A0-C0C2BB476D3A}.Debug|Any CPU.ActiveCfg = Debug|Any CPU
		{5C464243-D70A-4ACD-99A0-C0C2BB476D3A}.Debug|Any CPU.Build.0 = Debug|Any CPU
		{5C464243-D70A-4ACD-99A0-C0C2BB476D3A}.Release|Any CPU.ActiveCfg = Release|Any CPU
		{5C464243-D70A-4ACD-99A0-C0C2BB476D3A}.Release|Any CPU.Build.0 = Release|Any CPU
		{5EB85EA4-4BA0-48D1-A268-B004E1C4C554}.Debug|Any CPU.ActiveCfg = Debug|Any CPU
		{5EB85EA4-4BA0-48D1-A268-B004E1C4C554}.Debug|Any CPU.Build.0 = Debug|Any CPU
		{5EB85EA4-4BA0-48D1-A268-B004E1C4C554}.Release|Any CPU.ActiveCfg = Release|Any CPU
		{5EB85EA4-4BA0-48D1-A268-B004E1C4C554}.Release|Any CPU.Build.0 = Release|Any CPU
		{D565B0A8-E74C-4886-8247-361B94A51651}.Debug|Any CPU.ActiveCfg = Debug|Any CPU
		{D565B0A8-E74C-4886-8247-361B94A51651}.Debug|Any CPU.Build.0 = Debug|Any CPU
		{D565B0A8-E74C-4886-8247-361B94A51651}.Release|Any CPU.ActiveCfg = Release|Any CPU
		{D565B0A8-E74C-4886-8247-361B94A51651}.Release|Any CPU.Build.0 = Release|Any CPU
		{841A7283-D2AC-4855-B47A-7A6CFEC0789B}.Debug|Any CPU.ActiveCfg = Debug|Any CPU
		{841A7283-D2AC-4855-B47A-7A6CFEC0789B}.Debug|Any CPU.Build.0 = Debug|Any CPU
		{841A7283-D2AC-4855-B47A-7A6CFEC0789B}.Release|Any CPU.ActiveCfg = Release|Any CPU
		{841A7283-D2AC-4855-B47A-7A6CFEC0789B}.Release|Any CPU.Build.0 = Release|Any CPU
		{C7DAF7DE-89F7-4D8F-A7DE-5BD75EAB5E35}.Debug|Any CPU.ActiveCfg = Debug|Any CPU
		{C7DAF7DE-89F7-4D8F-A7DE-5BD75EAB5E35}.Debug|Any CPU.Build.0 = Debug|Any CPU
		{C7DAF7DE-89F7-4D8F-A7DE-5BD75EAB5E35}.Release|Any CPU.ActiveCfg = Release|Any CPU
		{C7DAF7DE-89F7-4D8F-A7DE-5BD75EAB5E35}.Release|Any CPU.Build.0 = Release|Any CPU
		{463676E3-F83B-41AD-8928-1B0F18E72A15}.Debug|Any CPU.ActiveCfg = Debug|Any CPU
		{463676E3-F83B-41AD-8928-1B0F18E72A15}.Debug|Any CPU.Build.0 = Debug|Any CPU
		{463676E3-F83B-41AD-8928-1B0F18E72A15}.Release|Any CPU.ActiveCfg = Release|Any CPU
		{463676E3-F83B-41AD-8928-1B0F18E72A15}.Release|Any CPU.Build.0 = Release|Any CPU
	EndGlobalSection
	GlobalSection(SolutionProperties) = preSolution
		HideSolutionNode = FALSE
	EndGlobalSection
	GlobalSection(TeamFoundationVersionControl) = preSolution
		SccNumberOfProjects = 10
		SccEnterpriseProvider = {4CA58AB2-18FA-4F8D-95D4-32DDF27D184C}
		SccTeamFoundationServer = https://tfs.codeplex.com/tfs/tfs02
		SccProjectUniqueName0 = test_http_server\\test_http_server.vbproj
		SccProjectName0 = test_http_server
		SccAuxPath0 = https://tfs.codeplex.com/tfs/tfs02
		SccLocalPath0 = test_http_server
		SccProvider0 = {4CA58AB2-18FA-4F8D-95D4-32DDF27D184C}
		SccProjectUniqueName1 = http_proxy\\http_proxy.vbproj
		SccProjectName1 = http_proxy
		SccAuxPath1 = https://tfs.codeplex.com/tfs/tfs02
		SccLocalPath1 = http_proxy
		SccProvider1 = {4CA58AB2-18FA-4F8D-95D4-32DDF27D184C}
		SccProjectUniqueName2 = fake_http_request\\fake_http_request.vbproj
		SccProjectName2 = fake_http_request
		SccAuxPath2 = https://tfs.codeplex.com/tfs/tfs02
		SccLocalPath2 = fake_http_request
		SccProvider2 = {4CA58AB2-18FA-4F8D-95D4-32DDF27D184C}
		SccProjectUniqueName3 = tcp_bridge\\tcp_bridge.vbproj
		SccProjectName3 = tcp_bridge
		SccAuxPath3 = https://tfs.codeplex.com/tfs/tfs02
		SccLocalPath3 = tcp_bridge
		SccProvider3 = {4CA58AB2-18FA-4F8D-95D4-32DDF27D184C}
		SccProjectUniqueName4 = tcp_pair\\tcp_pair.vbproj
		SccProjectName4 = tcp_pair
		SccAuxPath4 = https://tfs.codeplex.com/tfs/tfs02
		SccLocalPath4 = tcp_pair
		SccProvider4 = {4CA58AB2-18FA-4F8D-95D4-32DDF27D184C}
		SccProjectUniqueName5 = sider\\sider.vbproj
		SccProjectName5 = sider
		SccAuxPath5 = https://tfs.codeplex.com/tfs/tfs02
		SccLocalPath5 = sider
		SccProvider5 = {4CA58AB2-18FA-4F8D-95D4-32DDF27D184C}
		SccProjectUniqueName6 = utt_diff\\utt_diff.vbproj
		SccProjectName6 = utt_diff
		SccAuxPath6 = https://tfs.codeplex.com/tfs/tfs02
		SccLocalPath6 = utt_diff
		SccProvider6 = {4CA58AB2-18FA-4F8D-95D4-32DDF27D184C}
		SccProjectUniqueName7 = big_uint_calculator\\big_uint_calculator.vbproj
		SccProjectName7 = big_uint_calculator
		SccAuxPath7 = https://tfs.codeplex.com/tfs/tfs02
		SccLocalPath7 = big_uint_calculator
		SccProvider7 = {4CA58AB2-18FA-4F8D-95D4-32DDF27D184C}
		SccProjectUniqueName8 = big_int_calculator\\big_int_calculator.vbproj
		SccProjectName8 = big_int_calculator
		SccAuxPath8 = https://tfs.codeplex.com/tfs/tfs02
		SccLocalPath8 = big_int_calculator
		SccProvider8 = {4CA58AB2-18FA-4F8D-95D4-32DDF27D184C}
		SccProjectUniqueName9 = remote_console\\remote_console.vbproj
		SccProjectName9 = remote_console
		SccAuxPath9 = https://tfs.codeplex.com/tfs/tfs02
		SccLocalPath9 = remote_console
		SccProvider9 = {4CA58AB2-18FA-4F8D-95D4-32DDF27D184C}
	EndGlobalSection
EndGlobal
