
Microsoft Visual Studio Solution File, Format Version 11.00
# Visual Studio 2010
Project("{FAE04EC0-301F-11D3-BF4B-00C04F79EFBC}") = "priority_activity", "priority_activity.csproj", "{3F574F28-EAB5-447C-A921-E72D6ED4628F}"
EndProject
Global
	GlobalSection(SolutionConfigurationPlatforms) = preSolution
		Debug|Any CPU = Debug|Any CPU
		Release|Any CPU = Release|Any CPU
	EndGlobalSection
	GlobalSection(ProjectConfigurationPlatforms) = postSolution
		{3F574F28-EAB5-447C-A921-E72D6ED4628F}.Debug|Any CPU.ActiveCfg = Debug|Any CPU
		{3F574F28-EAB5-447C-A921-E72D6ED4628F}.Debug|Any CPU.Build.0 = Debug|Any CPU
		{3F574F28-EAB5-447C-A921-E72D6ED4628F}.Release|Any CPU.ActiveCfg = Release|Any CPU
		{3F574F28-EAB5-447C-A921-E72D6ED4628F}.Release|Any CPU.Build.0 = Release|Any CPU
	EndGlobalSection
	GlobalSection(SolutionProperties) = preSolution
		HideSolutionNode = FALSE
	EndGlobalSection
EndGlobal
